// !$*UTF8*$!
{
	archiveVersion = 1;
	classes = {
	};
	objectVersion = 46;
	objects = {

/* Begin PBXBuildFile section */
		9902E14916DFC48400F0669D /* Metal (1v).png in Resources */ = {isa = PBXBuildFile; fileRef = 9902E14816DFC48400F0669D /* Metal (1v).png */; };
		9902E15616DFFD2500F0669D /* SettingsViewController.m in Sources */ = {isa = PBXBuildFile; fileRef = 9902E15516DFFD2500F0669D /* SettingsViewController.m */; };
		991DFF9116A31FD800923715 /* Space (1v).png in Resources */ = {isa = PBXBuildFile; fileRef = 991DFF8D16A31FD800923715 /* Space (1v).png */; };
		991DFF9216A31FD800923715 /* Space (2v).png in Resources */ = {isa = PBXBuildFile; fileRef = 991DFF8E16A31FD800923715 /* Space (2v).png */; };
		991DFF9316A31FD800923715 /* Space [1h].png in Resources */ = {isa = PBXBuildFile; fileRef = 991DFF8F16A31FD800923715 /* Space [1h].png */; };
		991DFF9416A31FD800923715 /* Space [2h].png in Resources */ = {isa = PBXBuildFile; fileRef = 991DFF9016A31FD800923715 /* Space [2h].png */; };
		99377C9816AE60A000FBE46B /* icon(57).png in Resources */ = {isa = PBXBuildFile; fileRef = 99377C9716AE60A000FBE46B /* icon(57).png */; };
		99377C9A16AE60B100FBE46B /* icon(114).png in Resources */ = {isa = PBXBuildFile; fileRef = 99377C9916AE60B100FBE46B /* icon(114).png */; };
		9950988D169965ED0020BDC4 /* BackgroundChooser.m in Sources */ = {isa = PBXBuildFile; fileRef = 9950988C169965EC0020BDC4 /* BackgroundChooser.m */; };
		9950989516998A130020BDC4 /* Wood (1v).png in Resources */ = {isa = PBXBuildFile; fileRef = 9950988F16998A130020BDC4 /* Wood (1v).png */; };
		9950989616998A130020BDC4 /* Wood (2v).png in Resources */ = {isa = PBXBuildFile; fileRef = 9950989016998A130020BDC4 /* Wood (2v).png */; };
		9950989816998A130020BDC4 /* Wood [1h].png in Resources */ = {isa = PBXBuildFile; fileRef = 9950989216998A130020BDC4 /* Wood [1h].png */; };
		9950989916998A130020BDC4 /* Wood [2h].png in Resources */ = {isa = PBXBuildFile; fileRef = 9950989316998A130020BDC4 /* Wood [2h].png */; };
		995511D016971324008C70D0 /* AudioToolbox.framework in Frameworks */ = {isa = PBXBuildFile; fileRef = 995511CF16971324008C70D0 /* AudioToolbox.framework */; };
		99586FDF16E3B5830053C165 /* Calculator.m in Sources */ = {isa = PBXBuildFile; fileRef = 99586FDE16E3B5830053C165 /* Calculator.m */; };
		996339C516B49BE800EBCD4A /* Light Clean Corners (Dv).png in Resources */ = {isa = PBXBuildFile; fileRef = 996339C316B49BE800EBCD4A /* Light Clean Corners (Dv).png */; };
		996339C616B49BE800EBCD4A /* Light Clean Corners [Dh].png in Resources */ = {isa = PBXBuildFile; fileRef = 996339C416B49BE800EBCD4A /* Light Clean Corners [Dh].png */; };
		99688BA916DFC05C003A1868 /* Metal (Av) brighter.png in Resources */ = {isa = PBXBuildFile; fileRef = 99688BA716DFC05C003A1868 /* Metal (Av) brighter.png */; };
		99709C001686E7BB00A793BC /* UIKit.framework in Frameworks */ = {isa = PBXBuildFile; fileRef = 99709BFF1686E7BB00A793BC /* UIKit.framework */; };
		99709C021686E7BB00A793BC /* Foundation.framework in Frameworks */ = {isa = PBXBuildFile; fileRef = 99709C011686E7BB00A793BC /* Foundation.framework */; };
		99709C041686E7BB00A793BC /* CoreGraphics.framework in Frameworks */ = {isa = PBXBuildFile; fileRef = 99709C031686E7BB00A793BC /* CoreGraphics.framework */; };
		99709C0A1686E7BB00A793BC /* InfoPlist.strings in Resources */ = {isa = PBXBuildFile; fileRef = 99709C081686E7BB00A793BC /* InfoPlist.strings */; };
		99709C0C1686E7BB00A793BC /* main.m in Sources */ = {isa = PBXBuildFile; fileRef = 99709C0B1686E7BB00A793BC /* main.m */; };
		99709C101686E7BB00A793BC /* AppDelegate.m in Sources */ = {isa = PBXBuildFile; fileRef = 99709C0F1686E7BB00A793BC /* AppDelegate.m */; };
		99709C121686E7BB00A793BC /* Default.png in Resources */ = {isa = PBXBuildFile; fileRef = 99709C111686E7BB00A793BC /* Default.png */; };
		99709C141686E7BB00A793BC /* Default@2x.png in Resources */ = {isa = PBXBuildFile; fileRef = 99709C131686E7BB00A793BC /* Default@2x.png */; };
		99709C161686E7BB00A793BC /* Default-568h@2x.png in Resources */ = {isa = PBXBuildFile; fileRef = 99709C151686E7BB00A793BC /* Default-568h@2x.png */; };
		99709C191686E7BB00A793BC /* MainStoryboard_iPhone.storyboard in Resources */ = {isa = PBXBuildFile; fileRef = 99709C171686E7BB00A793BC /* MainStoryboard_iPhone.storyboard */; };
		99709C1C1686E7BB00A793BC /* MainStoryboard_iPad.storyboard in Resources */ = {isa = PBXBuildFile; fileRef = 99709C1A1686E7BB00A793BC /* MainStoryboard_iPad.storyboard */; };
		99709C1F1686E7BB00A793BC /* ViewController.m in Sources */ = {isa = PBXBuildFile; fileRef = 99709C1E1686E7BB00A793BC /* ViewController.m */; };
		99709C271686E7BC00A793BC /* SenTestingKit.framework in Frameworks */ = {isa = PBXBuildFile; fileRef = 99709C261686E7BC00A793BC /* SenTestingKit.framework */; };
		99709C281686E7BC00A793BC /* UIKit.framework in Frameworks */ = {isa = PBXBuildFile; fileRef = 99709BFF1686E7BB00A793BC /* UIKit.framework */; };
		99709C291686E7BC00A793BC /* Foundation.framework in Frameworks */ = {isa = PBXBuildFile; fileRef = 99709C011686E7BB00A793BC /* Foundation.framework */; };
		99709C311686E7BC00A793BC /* InfoPlist.strings in Resources */ = {isa = PBXBuildFile; fileRef = 99709C2F1686E7BC00A793BC /* InfoPlist.strings */; };
		99709C341686E7BC00A793BC /* fractionCalcTests.m in Sources */ = {isa = PBXBuildFile; fileRef = 99709C331686E7BC00A793BC /* fractionCalcTests.m */; };
		99879ACE16ABA15A00B959D2 /* Car Tech (1v).png in Resources */ = {isa = PBXBuildFile; fileRef = 99879AC816ABA15A00B959D2 /* Car Tech (1v).png */; };
		99879ACF16ABA15A00B959D2 /* Car Tech (2v).png in Resources */ = {isa = PBXBuildFile; fileRef = 99879AC916ABA15A00B959D2 /* Car Tech (2v).png */; };
		99879AD116ABA15A00B959D2 /* Car Tech [1h].png in Resources */ = {isa = PBXBuildFile; fileRef = 99879ACB16ABA15A00B959D2 /* Car Tech [1h].png */; };
		99879AD216ABA15A00B959D2 /* Car Tech [2h].png in Resources */ = {isa = PBXBuildFile; fileRef = 99879ACC16ABA15A00B959D2 /* Car Tech [2h].png */; };
		99A0285016C8C48800AF194C /* queue.m in Sources */ = {isa = PBXBuildFile; fileRef = 99A0284F16C8C48800AF194C /* queue.m */; };
		99B6328D16CC08FE00AE7208 /* Metal [Ah].jpg in Resources */ = {isa = PBXBuildFile; fileRef = 99B6328B16CC08FE00AE7208 /* Metal [Ah].jpg */; };
		99B6329316CC091700AE7208 /* metal (2v).png in Resources */ = {isa = PBXBuildFile; fileRef = 99B6328F16CC091700AE7208 /* metal (2v).png */; };
		99B6329416CC091700AE7208 /* Metal [1h].png in Resources */ = {isa = PBXBuildFile; fileRef = 99B6329016CC091700AE7208 /* Metal [1h].png */; };
		99B6329516CC091700AE7208 /* Metal [2h].png in Resources */ = {isa = PBXBuildFile; fileRef = 99B6329116CC091700AE7208 /* Metal [2h].png */; };
		99B6329816CC092700AE7208 /* Wood (Av).jpg in Resources */ = {isa = PBXBuildFile; fileRef = 99B6329616CC092700AE7208 /* Wood (Av).jpg */; };
		99B6329916CC092700AE7208 /* Wood [Ah].jpg in Resources */ = {isa = PBXBuildFile; fileRef = 99B6329716CC092700AE7208 /* Wood [Ah].jpg */; };
		99B6329C16CC096C00AE7208 /* Flower (Av).jpg in Resources */ = {isa = PBXBuildFile; fileRef = 99B6329A16CC096C00AE7208 /* Flower (Av).jpg */; };
		99B6329D16CC096C00AE7208 /* Flower [Ah].jpg in Resources */ = {isa = PBXBuildFile; fileRef = 99B6329B16CC096C00AE7208 /* Flower [Ah].jpg */; };
		99B632A016CC098F00AE7208 /* Space (Av).jpg in Resources */ = {isa = PBXBuildFile; fileRef = 99B6329E16CC098F00AE7208 /* Space (Av).jpg */; };
		99B632A116CC098F00AE7208 /* Space [Ah].jpg in Resources */ = {isa = PBXBuildFile; fileRef = 99B6329F16CC098F00AE7208 /* Space [Ah].jpg */; };
		99B632A416CC099D00AE7208 /* Car Tech (Av).jpg in Resources */ = {isa = PBXBuildFile; fileRef = 99B632A216CC099D00AE7208 /* Car Tech (Av).jpg */; };
		99B632A516CC099D00AE7208 /* Car Tech [Ah].jpg in Resources */ = {isa = PBXBuildFile; fileRef = 99B632A316CC099D00AE7208 /* Car Tech [Ah].jpg */; };
		99B632AF16CC0A2E00AE7208 /* Int Flower WP (1v).png in Resources */ = {isa = PBXBuildFile; fileRef = 99B632A716CC0A2E00AE7208 /* Int Flower WP (1v).png */; };
		99B632B016CC0A2E00AE7208 /* Int Flower WP (2v).png in Resources */ = {isa = PBXBuildFile; fileRef = 99B632A816CC0A2E00AE7208 /* Int Flower WP (2v).png */; };
		99B632B116CC0A2E00AE7208 /* Int Flower WP (Av).jpg in Resources */ = {isa = PBXBuildFile; fileRef = 99B632A916CC0A2E00AE7208 /* Int Flower WP (Av).jpg */; };
		99B632B316CC0A2E00AE7208 /* Int Flower WP [1h].png in Resources */ = {isa = PBXBuildFile; fileRef = 99B632AB16CC0A2E00AE7208 /* Int Flower WP [1h].png */; };
		99B632B416CC0A2E00AE7208 /* Int Flower WP [2h].png in Resources */ = {isa = PBXBuildFile; fileRef = 99B632AC16CC0A2E00AE7208 /* Int Flower WP [2h].png */; };
		99B632B516CC0A2E00AE7208 /* Int Flower WP [Ah].jpg in Resources */ = {isa = PBXBuildFile; fileRef = 99B632AD16CC0A2E00AE7208 /* Int Flower WP [Ah].jpg */; };
		99B632C216CC0A8D00AE7208 /* Helion (1v).png in Resources */ = {isa = PBXBuildFile; fileRef = 99B632BA16CC0A8D00AE7208 /* Helion (1v).png */; };
		99B632C316CC0A8D00AE7208 /* Helion (2v).png in Resources */ = {isa = PBXBuildFile; fileRef = 99B632BB16CC0A8D00AE7208 /* Helion (2v).png */; };
		99B632C416CC0A8D00AE7208 /* Helion (Av).jpg in Resources */ = {isa = PBXBuildFile; fileRef = 99B632BC16CC0A8D00AE7208 /* Helion (Av).jpg */; };
		99B632C616CC0A8D00AE7208 /* Helion [1h].png in Resources */ = {isa = PBXBuildFile; fileRef = 99B632BE16CC0A8D00AE7208 /* Helion [1h].png */; };
		99B632C716CC0A8D00AE7208 /* Helion [2h].png in Resources */ = {isa = PBXBuildFile; fileRef = 99B632BF16CC0A8D00AE7208 /* Helion [2h].png */; };
		99B632C816CC0A8D00AE7208 /* Helion [Ah].jpg in Resources */ = {isa = PBXBuildFile; fileRef = 99B632C016CC0A8D00AE7208 /* Helion [Ah].jpg */; };
		99B632DA16CC0AF700AE7208 /* Farm (Av).jpg in Resources */ = {isa = PBXBuildFile; fileRef = 99B632D816CC0AF700AE7208 /* Farm (Av).jpg */; };
		99B632DB16CC0AF700AE7208 /* Farm [Ah].jpg in Resources */ = {isa = PBXBuildFile; fileRef = 99B632D916CC0AF700AE7208 /* Farm [Ah].jpg */; };
		99B632E516CC0B2300AE7208 /* Aqua Burst (1v).png in Resources */ = {isa = PBXBuildFile; fileRef = 99B632DF16CC0B2300AE7208 /* Aqua Burst (1v).png */; };
		99B632E616CC0B2300AE7208 /* Aqua Burst (2v).png in Resources */ = {isa = PBXBuildFile; fileRef = 99B632E016CC0B2300AE7208 /* Aqua Burst (2v).png */; };
		99B632E716CC0B2300AE7208 /* Aqua Burst (Av).jpg in Resources */ = {isa = PBXBuildFile; fileRef = 99B632E116CC0B2300AE7208 /* Aqua Burst (Av).jpg */; };
		99B632E816CC0B2300AE7208 /* Aqua Burst [1h].png in Resources */ = {isa = PBXBuildFile; fileRef = 99B632E216CC0B2300AE7208 /* Aqua Burst [1h].png */; };
		99B632E916CC0B2300AE7208 /* Aqua Burst [2h].png in Resources */ = {isa = PBXBuildFile; fileRef = 99B632E316CC0B2300AE7208 /* Aqua Burst [2h].png */; };
		99B632EA16CC0B2300AE7208 /* Aqua Burst [Ah].jpg in Resources */ = {isa = PBXBuildFile; fileRef = 99B632E416CC0B2300AE7208 /* Aqua Burst [Ah].jpg */; };
		99B632F616CC0B7F00AE7208 /* Metallic Pyramids (Av).jpg in Resources */ = {isa = PBXBuildFile; fileRef = 99B632F016CC0B7F00AE7208 /* Metallic Pyramids (Av).jpg */; };
		99B632F916CC0B7F00AE7208 /* Metallic pyramids [Ah].jpg in Resources */ = {isa = PBXBuildFile; fileRef = 99B632F316CC0B7F00AE7208 /* Metallic pyramids [Ah].jpg */; };
		99B632FC16CC317800AE7208 /* iTunesArtwork in Resources */ = {isa = PBXBuildFile; fileRef = 99B632FA16CC317700AE7208 /* iTunesArtwork */; };
		99B632FD16CC317800AE7208 /* iTunesArtwork@2x in Resources */ = {isa = PBXBuildFile; fileRef = 99B632FB16CC317800AE7208 /* iTunesArtwork@2x */; };
		99BAF0721695779700D9F3B7 /* addFunc.m in Sources */ = {isa = PBXBuildFile; fileRef = 99BAF0711695779700D9F3B7 /* addFunc.m */; };
		99BAF07A16957CE500D9F3B7 /* Icon-72.png in Resources */ = {isa = PBXBuildFile; fileRef = 99BAF07916957CE500D9F3B7 /* Icon-72.png */; };
		99BAF07D16957CEC00D9F3B7 /* icon(144).png in Resources */ = {isa = PBXBuildFile; fileRef = 99BAF07C16957CEC00D9F3B7 /* icon(144).png */; };
		99CC719716D0022A00819189 /* Blue [Ah].jpg in Resources */ = {isa = PBXBuildFile; fileRef = 99CC719116D0022A00819189 /* Blue [Ah].jpg */; };
		99CC719816D0022A00819189 /* Blue (Av).jpg in Resources */ = {isa = PBXBuildFile; fileRef = 99CC719216D0022A00819189 /* Blue (Av).jpg */; };
		99CC71A116D0025200819189 /* Button [1h].png in Resources */ = {isa = PBXBuildFile; fileRef = 99CC719B16D0025200819189 /* Button [1h].png */; };
		99CC71A216D0025200819189 /* Button (1v).png in Resources */ = {isa = PBXBuildFile; fileRef = 99CC719C16D0025200819189 /* Button (1v).png */; };
		99CC71A316D0025200819189 /* Button [2h].png in Resources */ = {isa = PBXBuildFile; fileRef = 99CC719D16D0025200819189 /* Button [2h].png */; };
		99CC71A416D0025200819189 /* Button (2v).png in Resources */ = {isa = PBXBuildFile; fileRef = 99CC719E16D0025200819189 /* Button (2v).png */; };
		99CC71A516D0025200819189 /* Button [Ah].jpg in Resources */ = {isa = PBXBuildFile; fileRef = 99CC719F16D0025200819189 /* Button [Ah].jpg */; };
		99CC71A616D0025200819189 /* Button (Av).jpg in Resources */ = {isa = PBXBuildFile; fileRef = 99CC71A016D0025200819189 /* Button (Av).jpg */; };
		99CC71AE16D0034D00819189 /* Grate (1v).png in Resources */ = {isa = PBXBuildFile; fileRef = 99CC71A816D0034D00819189 /* Grate (1v).png */; };
		99CC71AF16D0034D00819189 /* Grate (2v).png in Resources */ = {isa = PBXBuildFile; fileRef = 99CC71A916D0034D00819189 /* Grate (2v).png */; };
		99CC71B016D0034D00819189 /* Grate (Av).png in Resources */ = {isa = PBXBuildFile; fileRef = 99CC71AA16D0034D00819189 /* Grate (Av).png */; };
		99CC71B116D0034D00819189 /* Grate [1h].png in Resources */ = {isa = PBXBuildFile; fileRef = 99CC71AB16D0034D00819189 /* Grate [1h].png */; };
		99CC71B216D0034D00819189 /* Grate [2h].png in Resources */ = {isa = PBXBuildFile; fileRef = 99CC71AC16D0034D00819189 /* Grate [2h].png */; };
		99CC71B316D0034D00819189 /* Grate [Ah].jpg in Resources */ = {isa = PBXBuildFile; fileRef = 99CC71AD16D0034D00819189 /* Grate [Ah].jpg */; };
		99CC71BB16D0036E00819189 /* Frosty Leaves (1v).png in Resources */ = {isa = PBXBuildFile; fileRef = 99CC71B516D0036E00819189 /* Frosty Leaves (1v).png */; };
		99CC71BC16D0036E00819189 /* Frosty Leaves (2v).png in Resources */ = {isa = PBXBuildFile; fileRef = 99CC71B616D0036E00819189 /* Frosty Leaves (2v).png */; };
		99CC71BD16D0036E00819189 /* Frosty Leaves (Av).jpg in Resources */ = {isa = PBXBuildFile; fileRef = 99CC71B716D0036E00819189 /* Frosty Leaves (Av).jpg */; };
		99CC71BE16D0036E00819189 /* Frosty Leaves [1h].png in Resources */ = {isa = PBXBuildFile; fileRef = 99CC71B816D0036E00819189 /* Frosty Leaves [1h].png */; };
		99CC71BF16D0036E00819189 /* Frosty Leaves [2h].png in Resources */ = {isa = PBXBuildFile; fileRef = 99CC71B916D0036E00819189 /* Frosty Leaves [2h].png */; };
		99CC71C016D0036E00819189 /* Frosty Leaves [Ah].jpg in Resources */ = {isa = PBXBuildFile; fileRef = 99CC71BA16D0036E00819189 /* Frosty Leaves [Ah].jpg */; };
		99CC71C816D0038E00819189 /* Green [1h].png in Resources */ = {isa = PBXBuildFile; fileRef = 99CC71C216D0038E00819189 /* Green [1h].png */; };
		99CC71C916D0038E00819189 /* Green (1v).png in Resources */ = {isa = PBXBuildFile; fileRef = 99CC71C316D0038E00819189 /* Green (1v).png */; };
		99CC71CA16D0038E00819189 /* Green [2h].png in Resources */ = {isa = PBXBuildFile; fileRef = 99CC71C416D0038E00819189 /* Green [2h].png */; };
		99CC71CB16D0038E00819189 /* Green (2v).png in Resources */ = {isa = PBXBuildFile; fileRef = 99CC71C516D0038E00819189 /* Green (2v).png */; };
		99CC71CC16D0038E00819189 /* Green Theme [Ah].jpg in Resources */ = {isa = PBXBuildFile; fileRef = 99CC71C616D0038E00819189 /* Green Theme [Ah].jpg */; };
		99CC71CD16D0038E00819189 /* Green Theme (Av).jpg in Resources */ = {isa = PBXBuildFile; fileRef = 99CC71C716D0038E00819189 /* Green Theme (Av).jpg */; };
		99DA843D169DEC2400524D00 /* Flower (1v).png in Resources */ = {isa = PBXBuildFile; fileRef = 99DA8437169DEC2400524D00 /* Flower (1v).png */; };
		99DA843E169DEC2400524D00 /* Flower (2v).png in Resources */ = {isa = PBXBuildFile; fileRef = 99DA8438169DEC2400524D00 /* Flower (2v).png */; };
		99DA8440169DEC2400524D00 /* Flower [1h].png in Resources */ = {isa = PBXBuildFile; fileRef = 99DA843A169DEC2400524D00 /* Flower [1h].png */; };
		99DA8441169DEC2400524D00 /* Flower [2h].png in Resources */ = {isa = PBXBuildFile; fileRef = 99DA843B169DEC2400524D00 /* Flower [2h].png */; };
		99FA74D016DA5F6D00E4CA10 /* Blue (1v).png in Resources */ = {isa = PBXBuildFile; fileRef = 99FA74CC16DA5F6D00E4CA10 /* Blue (1v).png */; };
		99FA74D116DA5F6D00E4CA10 /* Blue (2h).png in Resources */ = {isa = PBXBuildFile; fileRef = 99FA74CD16DA5F6D00E4CA10 /* Blue (2h).png */; };
		99FA74D216DA5F6D00E4CA10 /* Blue (2v).png in Resources */ = {isa = PBXBuildFile; fileRef = 99FA74CE16DA5F6D00E4CA10 /* Blue (2v).png */; };
		99FA74D316DA5F6D00E4CA10 /* Blue [1h].png in Resources */ = {isa = PBXBuildFile; fileRef = 99FA74CF16DA5F6D00E4CA10 /* Blue [1h].png */; };
		99FA74E016DA60C900E4CA10 /* Pyramids (1v).png in Resources */ = {isa = PBXBuildFile; fileRef = 99FA74DC16DA60C900E4CA10 /* Pyramids (1v).png */; };
		99FA74E116DA60C900E4CA10 /* Pyramids (2v).png in Resources */ = {isa = PBXBuildFile; fileRef = 99FA74DD16DA60C900E4CA10 /* Pyramids (2v).png */; };
		99FA74E216DA60C900E4CA10 /* Pyramids [1h].png in Resources */ = {isa = PBXBuildFile; fileRef = 99FA74DE16DA60C900E4CA10 /* Pyramids [1h].png */; };
		99FA74E316DA60C900E4CA10 /* Pyramids [2h].png in Resources */ = {isa = PBXBuildFile; fileRef = 99FA74DF16DA60C900E4CA10 /* Pyramids [2h].png */; };
		99FA74E816DA624200E4CA10 /* New Sky (1v).png in Resources */ = {isa = PBXBuildFile; fileRef = 99FA74E416DA624200E4CA10 /* New Sky (1v).png */; };
		99FA74E916DA624200E4CA10 /* New Sky (2v).png in Resources */ = {isa = PBXBuildFile; fileRef = 99FA74E516DA624200E4CA10 /* New Sky (2v).png */; };
		99FA74EA16DA624200E4CA10 /* New Sky [1h].png in Resources */ = {isa = PBXBuildFile; fileRef = 99FA74E616DA624200E4CA10 /* New Sky [1h].png */; };
		99FA74EB16DA624200E4CA10 /* New Sky [2h].png in Resources */ = {isa = PBXBuildFile; fileRef = 99FA74E716DA624200E4CA10 /* New Sky [2h].png */; };
/* End PBXBuildFile section */

/* Begin PBXContainerItemProxy section */
		99709C2A1686E7BC00A793BC /* PBXContainerItemProxy */ = {
			isa = PBXContainerItemProxy;
			containerPortal = 99709BF21686E7BB00A793BC /* Project object */;
			proxyType = 1;
			remoteGlobalIDString = 99709BFA1686E7BB00A793BC;
			remoteInfo = fractionCalc;
		};
/* End PBXContainerItemProxy section */

/* Begin PBXFileReference section */
		9902E14816DFC48400F0669D /* Metal (1v).png */ = {isa = PBXFileReference; lastKnownFileType = image.png; name = "Metal (1v).png"; path = "Pictures/Calc (metal theme)/Metal (1v).png"; sourceTree = SOURCE_ROOT; };
		9902E15416DFFD2500F0669D /* SettingsViewController.h */ = {isa = PBXFileReference; fileEncoding = 4; lastKnownFileType = sourcecode.c.h; path = SettingsViewController.h; sourceTree = "<group>"; };
		9902E15516DFFD2500F0669D /* SettingsViewController.m */ = {isa = PBXFileReference; fileEncoding = 4; lastKnownFileType = sourcecode.c.objc; path = SettingsViewController.m; sourceTree = "<group>"; };
		991DFF8D16A31FD800923715 /* Space (1v).png */ = {isa = PBXFileReference; lastKnownFileType = image.png; name = "Space (1v).png"; path = "Pictures/Calc (space theme)/Space (1v).png"; sourceTree = SOURCE_ROOT; };
		991DFF8E16A31FD800923715 /* Space (2v).png */ = {isa = PBXFileReference; lastKnownFileType = image.png; name = "Space (2v).png"; path = "Pictures/Calc (space theme)/Space (2v).png"; sourceTree = SOURCE_ROOT; };
		991DFF8F16A31FD800923715 /* Space [1h].png */ = {isa = PBXFileReference; lastKnownFileType = image.png; name = "Space [1h].png"; path = "Pictures/Calc (space theme)/Space [1h].png"; sourceTree = SOURCE_ROOT; };
		991DFF9016A31FD800923715 /* Space [2h].png */ = {isa = PBXFileReference; lastKnownFileType = image.png; name = "Space [2h].png"; path = "Pictures/Calc (space theme)/Space [2h].png"; sourceTree = SOURCE_ROOT; };
		99377C9716AE60A000FBE46B /* icon(57).png */ = {isa = PBXFileReference; lastKnownFileType = image.png; name = "icon(57).png"; path = "../icon(57).png"; sourceTree = "<group>"; };
		99377C9916AE60B100FBE46B /* icon(114).png */ = {isa = PBXFileReference; lastKnownFileType = image.png; name = "icon(114).png"; path = "../icon(114).png"; sourceTree = "<group>"; };
		9950988B169965EC0020BDC4 /* BackgroundChooser.h */ = {isa = PBXFileReference; fileEncoding = 4; lastKnownFileType = sourcecode.c.h; path = BackgroundChooser.h; sourceTree = "<group>"; };
		9950988C169965EC0020BDC4 /* BackgroundChooser.m */ = {isa = PBXFileReference; fileEncoding = 4; lastKnownFileType = sourcecode.c.objc; path = BackgroundChooser.m; sourceTree = "<group>"; };
		9950988F16998A130020BDC4 /* Wood (1v).png */ = {isa = PBXFileReference; lastKnownFileType = image.png; path = "Wood (1v).png"; sourceTree = "<group>"; };
		9950989016998A130020BDC4 /* Wood (2v).png */ = {isa = PBXFileReference; lastKnownFileType = image.png; path = "Wood (2v).png"; sourceTree = "<group>"; };
		9950989216998A130020BDC4 /* Wood [1h].png */ = {isa = PBXFileReference; lastKnownFileType = image.png; path = "Wood [1h].png"; sourceTree = "<group>"; };
		9950989316998A130020BDC4 /* Wood [2h].png */ = {isa = PBXFileReference; lastKnownFileType = image.png; path = "Wood [2h].png"; sourceTree = "<group>"; };
		995511CF16971324008C70D0 /* AudioToolbox.framework */ = {isa = PBXFileReference; lastKnownFileType = wrapper.framework; name = AudioToolbox.framework; path = System/Library/Frameworks/AudioToolbox.framework; sourceTree = SDKROOT; };
		99586FDD16E3B5830053C165 /* Calculator.h */ = {isa = PBXFileReference; fileEncoding = 4; lastKnownFileType = sourcecode.c.h; path = Calculator.h; sourceTree = "<group>"; };
		99586FDE16E3B5830053C165 /* Calculator.m */ = {isa = PBXFileReference; fileEncoding = 4; lastKnownFileType = sourcecode.c.objc; path = Calculator.m; sourceTree = "<group>"; };
		996339C316B49BE800EBCD4A /* Light Clean Corners (Dv).png */ = {isa = PBXFileReference; lastKnownFileType = image.png; name = "Light Clean Corners (Dv).png"; path = "Pictures/Display/Light Clean Corners (Dv).png"; sourceTree = SOURCE_ROOT; };
		996339C416B49BE800EBCD4A /* Light Clean Corners [Dh].png */ = {isa = PBXFileReference; lastKnownFileType = image.png; name = "Light Clean Corners [Dh].png"; path = "Pictures/Display/Light Clean Corners [Dh].png"; sourceTree = SOURCE_ROOT; };
		99688BA716DFC05C003A1868 /* Metal (Av) brighter.png */ = {isa = PBXFileReference; lastKnownFileType = image.png; name = "Metal (Av) brighter.png"; path = "Pictures/Calc (metal theme)/Metal (Av) brighter.png"; sourceTree = SOURCE_ROOT; };
		99709BFB1686E7BB00A793BC /* Wicked Calc.app */ = {isa = PBXFileReference; explicitFileType = wrapper.application; includeInIndex = 0; path = "Wicked Calc.app"; sourceTree = BUILT_PRODUCTS_DIR; };
		99709BFF1686E7BB00A793BC /* UIKit.framework */ = {isa = PBXFileReference; lastKnownFileType = wrapper.framework; name = UIKit.framework; path = System/Library/Frameworks/UIKit.framework; sourceTree = SDKROOT; };
		99709C011686E7BB00A793BC /* Foundation.framework */ = {isa = PBXFileReference; lastKnownFileType = wrapper.framework; name = Foundation.framework; path = System/Library/Frameworks/Foundation.framework; sourceTree = SDKROOT; };
		99709C031686E7BB00A793BC /* CoreGraphics.framework */ = {isa = PBXFileReference; lastKnownFileType = wrapper.framework; name = CoreGraphics.framework; path = System/Library/Frameworks/CoreGraphics.framework; sourceTree = SDKROOT; };
		99709C071686E7BB00A793BC /* Wicked Calc-Info.plist */ = {isa = PBXFileReference; lastKnownFileType = text.plist.xml; path = "Wicked Calc-Info.plist"; sourceTree = "<group>"; };
		99709C091686E7BB00A793BC /* en */ = {isa = PBXFileReference; lastKnownFileType = text.plist.strings; name = en; path = en.lproj/InfoPlist.strings; sourceTree = "<group>"; };
		99709C0B1686E7BB00A793BC /* main.m */ = {isa = PBXFileReference; lastKnownFileType = sourcecode.c.objc; path = main.m; sourceTree = "<group>"; };
		99709C0D1686E7BB00A793BC /* Wicked Calc-Prefix.pch */ = {isa = PBXFileReference; lastKnownFileType = sourcecode.c.h; path = "Wicked Calc-Prefix.pch"; sourceTree = "<group>"; };
		99709C0E1686E7BB00A793BC /* AppDelegate.h */ = {isa = PBXFileReference; lastKnownFileType = sourcecode.c.h; path = AppDelegate.h; sourceTree = "<group>"; };
		99709C0F1686E7BB00A793BC /* AppDelegate.m */ = {isa = PBXFileReference; lastKnownFileType = sourcecode.c.objc; path = AppDelegate.m; sourceTree = "<group>"; };
		99709C111686E7BB00A793BC /* Default.png */ = {isa = PBXFileReference; lastKnownFileType = image.png; path = Default.png; sourceTree = "<group>"; };
		99709C131686E7BB00A793BC /* Default@2x.png */ = {isa = PBXFileReference; lastKnownFileType = image.png; path = "Default@2x.png"; sourceTree = "<group>"; };
		99709C151686E7BB00A793BC /* Default-568h@2x.png */ = {isa = PBXFileReference; lastKnownFileType = image.png; path = "Default-568h@2x.png"; sourceTree = "<group>"; };
		99709C181686E7BB00A793BC /* en */ = {isa = PBXFileReference; lastKnownFileType = file.storyboard; name = en; path = en.lproj/MainStoryboard_iPhone.storyboard; sourceTree = "<group>"; };
		99709C1B1686E7BB00A793BC /* en */ = {isa = PBXFileReference; lastKnownFileType = file.storyboard; name = en; path = en.lproj/MainStoryboard_iPad.storyboard; sourceTree = "<group>"; };
		99709C1D1686E7BB00A793BC /* ViewController.h */ = {isa = PBXFileReference; lastKnownFileType = sourcecode.c.h; path = ViewController.h; sourceTree = "<group>"; };
		99709C1E1686E7BB00A793BC /* ViewController.m */ = {isa = PBXFileReference; lastKnownFileType = sourcecode.c.objc; path = ViewController.m; sourceTree = "<group>"; };
		99709C251686E7BC00A793BC /* Wicked CalcTests.octest */ = {isa = PBXFileReference; explicitFileType = wrapper.cfbundle; includeInIndex = 0; path = "Wicked CalcTests.octest"; sourceTree = BUILT_PRODUCTS_DIR; };
		99709C261686E7BC00A793BC /* SenTestingKit.framework */ = {isa = PBXFileReference; lastKnownFileType = wrapper.framework; name = SenTestingKit.framework; path = Library/Frameworks/SenTestingKit.framework; sourceTree = DEVELOPER_DIR; };
		99709C2E1686E7BC00A793BC /* Wicked CalcTests-Info.plist */ = {isa = PBXFileReference; lastKnownFileType = text.plist.xml; path = "Wicked CalcTests-Info.plist"; sourceTree = "<group>"; };
		99709C301686E7BC00A793BC /* en */ = {isa = PBXFileReference; lastKnownFileType = text.plist.strings; name = en; path = en.lproj/InfoPlist.strings; sourceTree = "<group>"; };
		99709C321686E7BC00A793BC /* fractionCalcTests.h */ = {isa = PBXFileReference; lastKnownFileType = sourcecode.c.h; path = fractionCalcTests.h; sourceTree = "<group>"; };
		99709C331686E7BC00A793BC /* fractionCalcTests.m */ = {isa = PBXFileReference; lastKnownFileType = sourcecode.c.objc; path = fractionCalcTests.m; sourceTree = "<group>"; };
		99879AC816ABA15A00B959D2 /* Car Tech (1v).png */ = {isa = PBXFileReference; lastKnownFileType = image.png; path = "Car Tech (1v).png"; sourceTree = "<group>"; };
		99879AC916ABA15A00B959D2 /* Car Tech (2v).png */ = {isa = PBXFileReference; lastKnownFileType = image.png; path = "Car Tech (2v).png"; sourceTree = "<group>"; };
		99879ACB16ABA15A00B959D2 /* Car Tech [1h].png */ = {isa = PBXFileReference; lastKnownFileType = image.png; path = "Car Tech [1h].png"; sourceTree = "<group>"; };
		99879ACC16ABA15A00B959D2 /* Car Tech [2h].png */ = {isa = PBXFileReference; lastKnownFileType = image.png; path = "Car Tech [2h].png"; sourceTree = "<group>"; };
		99A0284E16C8C48800AF194C /* queue.h */ = {isa = PBXFileReference; fileEncoding = 4; lastKnownFileType = sourcecode.c.h; path = queue.h; sourceTree = "<group>"; };
		99A0284F16C8C48800AF194C /* queue.m */ = {isa = PBXFileReference; fileEncoding = 4; lastKnownFileType = sourcecode.c.objc; path = queue.m; sourceTree = "<group>"; };
		99B6328B16CC08FE00AE7208 /* Metal [Ah].jpg */ = {isa = PBXFileReference; lastKnownFileType = image.jpeg; name = "Metal [Ah].jpg"; path = "Pictures/Calc (metal theme)/Metal [Ah].jpg"; sourceTree = SOURCE_ROOT; };
		99B6328F16CC091700AE7208 /* metal (2v).png */ = {isa = PBXFileReference; lastKnownFileType = image.png; name = "metal (2v).png"; path = "Pictures/Calc (metal theme)/metal (2v).png"; sourceTree = SOURCE_ROOT; };
		99B6329016CC091700AE7208 /* Metal [1h].png */ = {isa = PBXFileReference; lastKnownFileType = image.png; name = "Metal [1h].png"; path = "Pictures/Calc (metal theme)/Metal [1h].png"; sourceTree = SOURCE_ROOT; };
		99B6329116CC091700AE7208 /* Metal [2h].png */ = {isa = PBXFileReference; lastKnownFileType = image.png; name = "Metal [2h].png"; path = "Pictures/Calc (metal theme)/Metal [2h].png"; sourceTree = SOURCE_ROOT; };
		99B6329616CC092700AE7208 /* Wood (Av).jpg */ = {isa = PBXFileReference; lastKnownFileType = image.jpeg; path = "Wood (Av).jpg"; sourceTree = "<group>"; };
		99B6329716CC092700AE7208 /* Wood [Ah].jpg */ = {isa = PBXFileReference; lastKnownFileType = image.jpeg; path = "Wood [Ah].jpg"; sourceTree = "<group>"; };
		99B6329A16CC096C00AE7208 /* Flower (Av).jpg */ = {isa = PBXFileReference; lastKnownFileType = image.jpeg; name = "Flower (Av).jpg"; path = "Pictures/Calc (flower pink theme)/Flower (Av).jpg"; sourceTree = SOURCE_ROOT; };
		99B6329B16CC096C00AE7208 /* Flower [Ah].jpg */ = {isa = PBXFileReference; lastKnownFileType = image.jpeg; name = "Flower [Ah].jpg"; path = "Pictures/Calc (flower pink theme)/Flower [Ah].jpg"; sourceTree = SOURCE_ROOT; };
		99B6329E16CC098F00AE7208 /* Space (Av).jpg */ = {isa = PBXFileReference; lastKnownFileType = image.jpeg; name = "Space (Av).jpg"; path = "Pictures/Calc (space theme)/Space (Av).jpg"; sourceTree = SOURCE_ROOT; };
		99B6329F16CC098F00AE7208 /* Space [Ah].jpg */ = {isa = PBXFileReference; lastKnownFileType = image.jpeg; name = "Space [Ah].jpg"; path = "Pictures/Calc (space theme)/Space [Ah].jpg"; sourceTree = SOURCE_ROOT; };
		99B632A216CC099D00AE7208 /* Car Tech (Av).jpg */ = {isa = PBXFileReference; lastKnownFileType = image.jpeg; path = "Car Tech (Av).jpg"; sourceTree = "<group>"; };
		99B632A316CC099D00AE7208 /* Car Tech [Ah].jpg */ = {isa = PBXFileReference; lastKnownFileType = image.jpeg; path = "Car Tech [Ah].jpg"; sourceTree = "<group>"; };
		99B632A716CC0A2E00AE7208 /* Int Flower WP (1v).png */ = {isa = PBXFileReference; lastKnownFileType = image.png; name = "Int Flower WP (1v).png"; path = "Pictures/Calc (Int Flower WP theme)/Int Flower WP (1v).png"; sourceTree = SOURCE_ROOT; };
		99B632A816CC0A2E00AE7208 /* Int Flower WP (2v).png */ = {isa = PBXFileReference; lastKnownFileType = image.png; name = "Int Flower WP (2v).png"; path = "Pictures/Calc (Int Flower WP theme)/Int Flower WP (2v).png"; sourceTree = SOURCE_ROOT; };
		99B632A916CC0A2E00AE7208 /* Int Flower WP (Av).jpg */ = {isa = PBXFileReference; lastKnownFileType = image.jpeg; name = "Int Flower WP (Av).jpg"; path = "Pictures/Calc (Int Flower WP theme)/Int Flower WP (Av).jpg"; sourceTree = SOURCE_ROOT; };
		99B632AB16CC0A2E00AE7208 /* Int Flower WP [1h].png */ = {isa = PBXFileReference; lastKnownFileType = image.png; name = "Int Flower WP [1h].png"; path = "Pictures/Calc (Int Flower WP theme)/Int Flower WP [1h].png"; sourceTree = SOURCE_ROOT; };
		99B632AC16CC0A2E00AE7208 /* Int Flower WP [2h].png */ = {isa = PBXFileReference; lastKnownFileType = image.png; name = "Int Flower WP [2h].png"; path = "Pictures/Calc (Int Flower WP theme)/Int Flower WP [2h].png"; sourceTree = SOURCE_ROOT; };
		99B632AD16CC0A2E00AE7208 /* Int Flower WP [Ah].jpg */ = {isa = PBXFileReference; lastKnownFileType = image.jpeg; name = "Int Flower WP [Ah].jpg"; path = "Pictures/Calc (Int Flower WP theme)/Int Flower WP [Ah].jpg"; sourceTree = SOURCE_ROOT; };
		99B632BA16CC0A8D00AE7208 /* Helion (1v).png */ = {isa = PBXFileReference; lastKnownFileType = image.png; name = "Helion (1v).png"; path = "Pictures/Calc (Helion theme)/Helion (1v).png"; sourceTree = SOURCE_ROOT; };
		99B632BB16CC0A8D00AE7208 /* Helion (2v).png */ = {isa = PBXFileReference; lastKnownFileType = image.png; name = "Helion (2v).png"; path = "Pictures/Calc (Helion theme)/Helion (2v).png"; sourceTree = SOURCE_ROOT; };
		99B632BC16CC0A8D00AE7208 /* Helion (Av).jpg */ = {isa = PBXFileReference; lastKnownFileType = image.jpeg; name = "Helion (Av).jpg"; path = "Pictures/Calc (Helion theme)/Helion (Av).jpg"; sourceTree = SOURCE_ROOT; };
		99B632BE16CC0A8D00AE7208 /* Helion [1h].png */ = {isa = PBXFileReference; lastKnownFileType = image.png; name = "Helion [1h].png"; path = "Pictures/Calc (Helion theme)/Helion [1h].png"; sourceTree = SOURCE_ROOT; };
		99B632BF16CC0A8D00AE7208 /* Helion [2h].png */ = {isa = PBXFileReference; lastKnownFileType = image.png; name = "Helion [2h].png"; path = "Pictures/Calc (Helion theme)/Helion [2h].png"; sourceTree = SOURCE_ROOT; };
		99B632C016CC0A8D00AE7208 /* Helion [Ah].jpg */ = {isa = PBXFileReference; lastKnownFileType = image.jpeg; name = "Helion [Ah].jpg"; path = "Pictures/Calc (Helion theme)/Helion [Ah].jpg"; sourceTree = SOURCE_ROOT; };
		99B632D816CC0AF700AE7208 /* Farm (Av).jpg */ = {isa = PBXFileReference; lastKnownFileType = image.jpeg; name = "Farm (Av).jpg"; path = "Pictures/Calc (farm theme)/Farm (Av).jpg"; sourceTree = SOURCE_ROOT; };
		99B632D916CC0AF700AE7208 /* Farm [Ah].jpg */ = {isa = PBXFileReference; lastKnownFileType = image.jpeg; name = "Farm [Ah].jpg"; path = "Pictures/Calc (farm theme)/Farm [Ah].jpg"; sourceTree = SOURCE_ROOT; };
		99B632DF16CC0B2300AE7208 /* Aqua Burst (1v).png */ = {isa = PBXFileReference; lastKnownFileType = image.png; name = "Aqua Burst (1v).png"; path = "Pictures/Calc (Aqua burst)/Aqua Burst (1v).png"; sourceTree = SOURCE_ROOT; };
		99B632E016CC0B2300AE7208 /* Aqua Burst (2v).png */ = {isa = PBXFileReference; lastKnownFileType = image.png; name = "Aqua Burst (2v).png"; path = "Pictures/Calc (Aqua burst)/Aqua Burst (2v).png"; sourceTree = SOURCE_ROOT; };
		99B632E116CC0B2300AE7208 /* Aqua Burst (Av).jpg */ = {isa = PBXFileReference; lastKnownFileType = image.jpeg; name = "Aqua Burst (Av).jpg"; path = "Pictures/Calc (Aqua burst)/Aqua Burst (Av).jpg"; sourceTree = SOURCE_ROOT; };
		99B632E216CC0B2300AE7208 /* Aqua Burst [1h].png */ = {isa = PBXFileReference; lastKnownFileType = image.png; name = "Aqua Burst [1h].png"; path = "Pictures/Calc (Aqua burst)/Aqua Burst [1h].png"; sourceTree = SOURCE_ROOT; };
		99B632E316CC0B2300AE7208 /* Aqua Burst [2h].png */ = {isa = PBXFileReference; lastKnownFileType = image.png; name = "Aqua Burst [2h].png"; path = "Pictures/Calc (Aqua burst)/Aqua Burst [2h].png"; sourceTree = SOURCE_ROOT; };
		99B632E416CC0B2300AE7208 /* Aqua Burst [Ah].jpg */ = {isa = PBXFileReference; lastKnownFileType = image.jpeg; name = "Aqua Burst [Ah].jpg"; path = "Pictures/Calc (Aqua burst)/Aqua Burst [Ah].jpg"; sourceTree = SOURCE_ROOT; };
		99B632F016CC0B7F00AE7208 /* Metallic Pyramids (Av).jpg */ = {isa = PBXFileReference; lastKnownFileType = image.jpeg; name = "Metallic Pyramids (Av).jpg"; path = "Pictures/Calc (Pyramid theme)/Metallic Pyramids (Av).jpg"; sourceTree = SOURCE_ROOT; };
		99B632F316CC0B7F00AE7208 /* Metallic pyramids [Ah].jpg */ = {isa = PBXFileReference; lastKnownFileType = image.jpeg; name = "Metallic pyramids [Ah].jpg"; path = "Pictures/Calc (Pyramid theme)/Metallic pyramids [Ah].jpg"; sourceTree = SOURCE_ROOT; };
		99B632FA16CC317700AE7208 /* iTunesArtwork */ = {isa = PBXFileReference; lastKnownFileType = file; name = iTunesArtwork; path = Pictures/Icon/iTunesArtwork; sourceTree = SOURCE_ROOT; };
		99B632FB16CC317800AE7208 /* iTunesArtwork@2x */ = {isa = PBXFileReference; lastKnownFileType = file; name = "iTunesArtwork@2x"; path = "Pictures/Icon/iTunesArtwork@2x"; sourceTree = SOURCE_ROOT; };
		99BAF0701695779700D9F3B7 /* addFunc.h */ = {isa = PBXFileReference; fileEncoding = 4; lastKnownFileType = sourcecode.c.h; path = addFunc.h; sourceTree = "<group>"; };
		99BAF0711695779700D9F3B7 /* addFunc.m */ = {isa = PBXFileReference; fileEncoding = 4; lastKnownFileType = sourcecode.c.objc; path = addFunc.m; sourceTree = "<group>"; };
		99BAF07916957CE500D9F3B7 /* Icon-72.png */ = {isa = PBXFileReference; lastKnownFileType = image.png; name = "Icon-72.png"; path = "../Icon-72.png"; sourceTree = "<group>"; };
		99BAF07C16957CEC00D9F3B7 /* icon(144).png */ = {isa = PBXFileReference; lastKnownFileType = image.png; name = "icon(144).png"; path = "../icon(144).png"; sourceTree = "<group>"; };
		99CC719116D0022A00819189 /* Blue [Ah].jpg */ = {isa = PBXFileReference; lastKnownFileType = image.jpeg; path = "Blue [Ah].jpg"; sourceTree = "<group>"; };
		99CC719216D0022A00819189 /* Blue (Av).jpg */ = {isa = PBXFileReference; lastKnownFileType = image.jpeg; path = "Blue (Av).jpg"; sourceTree = "<group>"; };
		99CC719B16D0025200819189 /* Button [1h].png */ = {isa = PBXFileReference; lastKnownFileType = image.png; path = "Button [1h].png"; sourceTree = "<group>"; };
		99CC719C16D0025200819189 /* Button (1v).png */ = {isa = PBXFileReference; lastKnownFileType = image.png; path = "Button (1v).png"; sourceTree = "<group>"; };
		99CC719D16D0025200819189 /* Button [2h].png */ = {isa = PBXFileReference; lastKnownFileType = image.png; path = "Button [2h].png"; sourceTree = "<group>"; };
		99CC719E16D0025200819189 /* Button (2v).png */ = {isa = PBXFileReference; lastKnownFileType = image.png; path = "Button (2v).png"; sourceTree = "<group>"; };
		99CC719F16D0025200819189 /* Button [Ah].jpg */ = {isa = PBXFileReference; lastKnownFileType = image.jpeg; path = "Button [Ah].jpg"; sourceTree = "<group>"; };
		99CC71A016D0025200819189 /* Button (Av).jpg */ = {isa = PBXFileReference; lastKnownFileType = image.jpeg; path = "Button (Av).jpg"; sourceTree = "<group>"; };
		99CC71A816D0034D00819189 /* Grate (1v).png */ = {isa = PBXFileReference; lastKnownFileType = image.png; path = "Grate (1v).png"; sourceTree = "<group>"; };
		99CC71A916D0034D00819189 /* Grate (2v).png */ = {isa = PBXFileReference; lastKnownFileType = image.png; path = "Grate (2v).png"; sourceTree = "<group>"; };
		99CC71AA16D0034D00819189 /* Grate (Av).png */ = {isa = PBXFileReference; lastKnownFileType = image.png; path = "Grate (Av).png"; sourceTree = "<group>"; };
		99CC71AB16D0034D00819189 /* Grate [1h].png */ = {isa = PBXFileReference; lastKnownFileType = image.png; path = "Grate [1h].png"; sourceTree = "<group>"; };
		99CC71AC16D0034D00819189 /* Grate [2h].png */ = {isa = PBXFileReference; lastKnownFileType = image.png; path = "Grate [2h].png"; sourceTree = "<group>"; };
		99CC71AD16D0034D00819189 /* Grate [Ah].jpg */ = {isa = PBXFileReference; lastKnownFileType = image.jpeg; path = "Grate [Ah].jpg"; sourceTree = "<group>"; };
		99CC71B516D0036E00819189 /* Frosty Leaves (1v).png */ = {isa = PBXFileReference; lastKnownFileType = image.png; path = "Frosty Leaves (1v).png"; sourceTree = "<group>"; };
		99CC71B616D0036E00819189 /* Frosty Leaves (2v).png */ = {isa = PBXFileReference; lastKnownFileType = image.png; path = "Frosty Leaves (2v).png"; sourceTree = "<group>"; };
		99CC71B716D0036E00819189 /* Frosty Leaves (Av).jpg */ = {isa = PBXFileReference; lastKnownFileType = image.jpeg; path = "Frosty Leaves (Av).jpg"; sourceTree = "<group>"; };
		99CC71B816D0036E00819189 /* Frosty Leaves [1h].png */ = {isa = PBXFileReference; lastKnownFileType = image.png; path = "Frosty Leaves [1h].png"; sourceTree = "<group>"; };
		99CC71B916D0036E00819189 /* Frosty Leaves [2h].png */ = {isa = PBXFileReference; lastKnownFileType = image.png; path = "Frosty Leaves [2h].png"; sourceTree = "<group>"; };
		99CC71BA16D0036E00819189 /* Frosty Leaves [Ah].jpg */ = {isa = PBXFileReference; lastKnownFileType = image.jpeg; path = "Frosty Leaves [Ah].jpg"; sourceTree = "<group>"; };
		99CC71C216D0038E00819189 /* Green [1h].png */ = {isa = PBXFileReference; lastKnownFileType = image.png; path = "Green [1h].png"; sourceTree = "<group>"; };
		99CC71C316D0038E00819189 /* Green (1v).png */ = {isa = PBXFileReference; lastKnownFileType = image.png; path = "Green (1v).png"; sourceTree = "<group>"; };
		99CC71C416D0038E00819189 /* Green [2h].png */ = {isa = PBXFileReference; lastKnownFileType = image.png; path = "Green [2h].png"; sourceTree = "<group>"; };
		99CC71C516D0038E00819189 /* Green (2v).png */ = {isa = PBXFileReference; lastKnownFileType = image.png; path = "Green (2v).png"; sourceTree = "<group>"; };
		99CC71C616D0038E00819189 /* Green Theme [Ah].jpg */ = {isa = PBXFileReference; lastKnownFileType = image.jpeg; path = "Green Theme [Ah].jpg"; sourceTree = "<group>"; };
		99CC71C716D0038E00819189 /* Green Theme (Av).jpg */ = {isa = PBXFileReference; lastKnownFileType = image.jpeg; path = "Green Theme (Av).jpg"; sourceTree = "<group>"; };
		99DA8437169DEC2400524D00 /* Flower (1v).png */ = {isa = PBXFileReference; lastKnownFileType = image.png; name = "Flower (1v).png"; path = "Pictures/Calc (flower pink theme)/Flower (1v).png"; sourceTree = SOURCE_ROOT; };
		99DA8438169DEC2400524D00 /* Flower (2v).png */ = {isa = PBXFileReference; lastKnownFileType = image.png; name = "Flower (2v).png"; path = "Pictures/Calc (flower pink theme)/Flower (2v).png"; sourceTree = SOURCE_ROOT; };
		99DA843A169DEC2400524D00 /* Flower [1h].png */ = {isa = PBXFileReference; lastKnownFileType = image.png; name = "Flower [1h].png"; path = "Pictures/Calc (flower pink theme)/Flower [1h].png"; sourceTree = SOURCE_ROOT; };
		99DA843B169DEC2400524D00 /* Flower [2h].png */ = {isa = PBXFileReference; lastKnownFileType = image.png; name = "Flower [2h].png"; path = "Pictures/Calc (flower pink theme)/Flower [2h].png"; sourceTree = SOURCE_ROOT; };
		99FA74CC16DA5F6D00E4CA10 /* Blue (1v).png */ = {isa = PBXFileReference; lastKnownFileType = image.png; path = "Blue (1v).png"; sourceTree = "<group>"; };
		99FA74CD16DA5F6D00E4CA10 /* Blue (2h).png */ = {isa = PBXFileReference; lastKnownFileType = image.png; path = "Blue (2h).png"; sourceTree = "<group>"; };
		99FA74CE16DA5F6D00E4CA10 /* Blue (2v).png */ = {isa = PBXFileReference; lastKnownFileType = image.png; path = "Blue (2v).png"; sourceTree = "<group>"; };
		99FA74CF16DA5F6D00E4CA10 /* Blue [1h].png */ = {isa = PBXFileReference; lastKnownFileType = image.png; path = "Blue [1h].png"; sourceTree = "<group>"; };
		99FA74DC16DA60C900E4CA10 /* Pyramids (1v).png */ = {isa = PBXFileReference; lastKnownFileType = image.png; name = "Pyramids (1v).png"; path = "Pictures/Calc (Pyramid theme)/Pyramids (1v).png"; sourceTree = SOURCE_ROOT; };
		99FA74DD16DA60C900E4CA10 /* Pyramids (2v).png */ = {isa = PBXFileReference; lastKnownFileType = image.png; name = "Pyramids (2v).png"; path = "Pictures/Calc (Pyramid theme)/Pyramids (2v).png"; sourceTree = SOURCE_ROOT; };
		99FA74DE16DA60C900E4CA10 /* Pyramids [1h].png */ = {isa = PBXFileReference; lastKnownFileType = image.png; name = "Pyramids [1h].png"; path = "Pictures/Calc (Pyramid theme)/Pyramids [1h].png"; sourceTree = SOURCE_ROOT; };
		99FA74DF16DA60C900E4CA10 /* Pyramids [2h].png */ = {isa = PBXFileReference; lastKnownFileType = image.png; name = "Pyramids [2h].png"; path = "Pictures/Calc (Pyramid theme)/Pyramids [2h].png"; sourceTree = SOURCE_ROOT; };
		99FA74E416DA624200E4CA10 /* New Sky (1v).png */ = {isa = PBXFileReference; lastKnownFileType = image.png; name = "New Sky (1v).png"; path = "Pictures/Calc (farm theme)/New Sky (1v).png"; sourceTree = SOURCE_ROOT; };
		99FA74E516DA624200E4CA10 /* New Sky (2v).png */ = {isa = PBXFileReference; lastKnownFileType = image.png; name = "New Sky (2v).png"; path = "Pictures/Calc (farm theme)/New Sky (2v).png"; sourceTree = SOURCE_ROOT; };
		99FA74E616DA624200E4CA10 /* New Sky [1h].png */ = {isa = PBXFileReference; lastKnownFileType = image.png; name = "New Sky [1h].png"; path = "Pictures/Calc (farm theme)/New Sky [1h].png"; sourceTree = SOURCE_ROOT; };
		99FA74E716DA624200E4CA10 /* New Sky [2h].png */ = {isa = PBXFileReference; lastKnownFileType = image.png; name = "New Sky [2h].png"; path = "Pictures/Calc (farm theme)/New Sky [2h].png"; sourceTree = SOURCE_ROOT; };
/* End PBXFileReference section */

/* Begin PBXFrameworksBuildPhase section */
		99709BF81686E7BB00A793BC /* Frameworks */ = {
			isa = PBXFrameworksBuildPhase;
			buildActionMask = 2147483647;
			files = (
				995511D016971324008C70D0 /* AudioToolbox.framework in Frameworks */,
				99709C001686E7BB00A793BC /* UIKit.framework in Frameworks */,
				99709C021686E7BB00A793BC /* Foundation.framework in Frameworks */,
				99709C041686E7BB00A793BC /* CoreGraphics.framework in Frameworks */,
			);
			runOnlyForDeploymentPostprocessing = 0;
		};
		99709C211686E7BC00A793BC /* Frameworks */ = {
			isa = PBXFrameworksBuildPhase;
			buildActionMask = 2147483647;
			files = (
				99709C271686E7BC00A793BC /* SenTestingKit.framework in Frameworks */,
				99709C281686E7BC00A793BC /* UIKit.framework in Frameworks */,
				99709C291686E7BC00A793BC /* Foundation.framework in Frameworks */,
			);
			runOnlyForDeploymentPostprocessing = 0;
		};
/* End PBXFrameworksBuildPhase section */

/* Begin PBXGroup section */
		9902A78316E720FE000D4505 /* Calculator Core */ = {
			isa = PBXGroup;
			children = (
				99586FDD16E3B5830053C165 /* Calculator.h */,
				99586FDE16E3B5830053C165 /* Calculator.m */,
				99BAF0701695779700D9F3B7 /* addFunc.h */,
				99BAF0711695779700D9F3B7 /* addFunc.m */,
			);
			name = "Calculator Core";
			sourceTree = "<group>";
		};
		9902A78416E7214C000D4505 /* ViewControllers */ = {
			isa = PBXGroup;
			children = (
				99709C1D1686E7BB00A793BC /* ViewController.h */,
				99709C1E1686E7BB00A793BC /* ViewController.m */,
				9902E15416DFFD2500F0669D /* SettingsViewController.h */,
				9902E15516DFFD2500F0669D /* SettingsViewController.m */,
			);
			name = ViewControllers;
			sourceTree = "<group>";
		};
		9902A78516E72183000D4505 /* SideBar */ = {
			isa = PBXGroup;
			children = (
				99A0284E16C8C48800AF194C /* queue.h */,
				99A0284F16C8C48800AF194C /* queue.m */,
			);
			name = SideBar;
			sourceTree = "<group>";
		};
		991DFF8A16A31F9600923715 /* 4. Space */ = {
			isa = PBXGroup;
			children = (
				991DFF8C16A31FB000923715 /* Keys */,
				991DFF8B16A31FA900923715 /* Background */,
			);
			name = "4. Space";
			sourceTree = "<group>";
		};
		991DFF8B16A31FA900923715 /* Background */ = {
			isa = PBXGroup;
			children = (
				99B6329E16CC098F00AE7208 /* Space (Av).jpg */,
				99B6329F16CC098F00AE7208 /* Space [Ah].jpg */,
			);
			name = Background;
			sourceTree = "<group>";
		};
		991DFF8C16A31FB000923715 /* Keys */ = {
			isa = PBXGroup;
			children = (
				991DFF8D16A31FD800923715 /* Space (1v).png */,
				991DFF8E16A31FD800923715 /* Space (2v).png */,
				991DFF8F16A31FD800923715 /* Space [1h].png */,
				991DFF9016A31FD800923715 /* Space [2h].png */,
			);
			name = Keys;
			sourceTree = "<group>";
		};
		99246ABB169599BE0036FFF0 /* Icon */ = {
			isa = PBXGroup;
			children = (
				99B632FA16CC317700AE7208 /* iTunesArtwork */,
				99B632FB16CC317800AE7208 /* iTunesArtwork@2x */,
				99377C9916AE60B100FBE46B /* icon(114).png */,
				99377C9716AE60A000FBE46B /* icon(57).png */,
				99BAF07C16957CEC00D9F3B7 /* icon(144).png */,
				99BAF07916957CE500D9F3B7 /* Icon-72.png */,
			);
			name = Icon;
			sourceTree = "<group>";
		};
		9950988E16998A120020BDC4 /* 2. Wood */ = {
			isa = PBXGroup;
			children = (
				9950989C16998A3C0020BDC4 /* Keys */,
				9950989B16998A220020BDC4 /* Background */,
			);
			name = "2. Wood";
			path = "../Pictures/Calc (wood theme)";
			sourceTree = "<group>";
		};
		9950989B16998A220020BDC4 /* Background */ = {
			isa = PBXGroup;
			children = (
				99B6329616CC092700AE7208 /* Wood (Av).jpg */,
				99B6329716CC092700AE7208 /* Wood [Ah].jpg */,
			);
			name = Background;
			sourceTree = "<group>";
		};
		9950989C16998A3C0020BDC4 /* Keys */ = {
			isa = PBXGroup;
			children = (
				9950988F16998A130020BDC4 /* Wood (1v).png */,
				9950989016998A130020BDC4 /* Wood (2v).png */,
				9950989216998A130020BDC4 /* Wood [1h].png */,
				9950989316998A130020BDC4 /* Wood [2h].png */,
			);
			name = Keys;
			sourceTree = "<group>";
		};
		9952AB7F16B03E030075D233 /* Display */ = {
			isa = PBXGroup;
			children = (
				996339C316B49BE800EBCD4A /* Light Clean Corners (Dv).png */,
				996339C416B49BE800EBCD4A /* Light Clean Corners [Dh].png */,
			);
			name = Display;
			sourceTree = "<group>";
		};
		995511BB1696FFDE008C70D0 /* 0. Metal */ = {
			isa = PBXGroup;
			children = (
				995511C21697003D008C70D0 /* Keys */,
				995511BD1696FFE9008C70D0 /* Background */,
			);
			name = "0. Metal";
			sourceTree = "<group>";
		};
		995511BD1696FFE9008C70D0 /* Background */ = {
			isa = PBXGroup;
			children = (
				99688BA716DFC05C003A1868 /* Metal (Av) brighter.png */,
				99B6328B16CC08FE00AE7208 /* Metal [Ah].jpg */,
			);
			name = Background;
			sourceTree = "<group>";
		};
		995511C21697003D008C70D0 /* Keys */ = {
			isa = PBXGroup;
			children = (
				9902E14816DFC48400F0669D /* Metal (1v).png */,
				99B6328F16CC091700AE7208 /* metal (2v).png */,
				99B6329016CC091700AE7208 /* Metal [1h].png */,
				99B6329116CC091700AE7208 /* Metal [2h].png */,
			);
			name = Keys;
			sourceTree = "<group>";
		};
		99709BF01686E7BB00A793BC = {
			isa = PBXGroup;
			children = (
				99709C051686E7BB00A793BC /* fractionCalc */,
				99709C2C1686E7BC00A793BC /* fractionCalcTests */,
				99709BFE1686E7BB00A793BC /* Frameworks */,
				99709BFC1686E7BB00A793BC /* Products */,
			);
			sourceTree = "<group>";
		};
		99709BFC1686E7BB00A793BC /* Products */ = {
			isa = PBXGroup;
			children = (
				99709BFB1686E7BB00A793BC /* Wicked Calc.app */,
				99709C251686E7BC00A793BC /* Wicked CalcTests.octest */,
			);
			name = Products;
			sourceTree = "<group>";
		};
		99709BFE1686E7BB00A793BC /* Frameworks */ = {
			isa = PBXGroup;
			children = (
				995511CF16971324008C70D0 /* AudioToolbox.framework */,
				99709BFF1686E7BB00A793BC /* UIKit.framework */,
				99709C011686E7BB00A793BC /* Foundation.framework */,
				99709C031686E7BB00A793BC /* CoreGraphics.framework */,
				99709C261686E7BC00A793BC /* SenTestingKit.framework */,
			);
			name = Frameworks;
			sourceTree = "<group>";
		};
		99709C051686E7BB00A793BC /* fractionCalc */ = {
			isa = PBXGroup;
			children = (
				9902A78516E72183000D4505 /* SideBar */,
				9902A78416E7214C000D4505 /* ViewControllers */,
				9902A78316E720FE000D4505 /* Calculator Core */,
				99BAF074169577CF00D9F3B7 /* Design */,
				99709C0E1686E7BB00A793BC /* AppDelegate.h */,
				99709C0F1686E7BB00A793BC /* AppDelegate.m */,
				99709C061686E7BB00A793BC /* Supporting Files */,
			);
			path = fractionCalc;
			sourceTree = "<group>";
		};
		99709C061686E7BB00A793BC /* Supporting Files */ = {
			isa = PBXGroup;
			children = (
				99709C071686E7BB00A793BC /* Wicked Calc-Info.plist */,
				99709C081686E7BB00A793BC /* InfoPlist.strings */,
				99709C0B1686E7BB00A793BC /* main.m */,
				99709C0D1686E7BB00A793BC /* Wicked Calc-Prefix.pch */,
				99709C111686E7BB00A793BC /* Default.png */,
				99709C131686E7BB00A793BC /* Default@2x.png */,
				99709C151686E7BB00A793BC /* Default-568h@2x.png */,
			);
			name = "Supporting Files";
			sourceTree = "<group>";
		};
		99709C2C1686E7BC00A793BC /* fractionCalcTests */ = {
			isa = PBXGroup;
			children = (
				99709C321686E7BC00A793BC /* fractionCalcTests.h */,
				99709C331686E7BC00A793BC /* fractionCalcTests.m */,
				99709C2D1686E7BC00A793BC /* Supporting Files */,
			);
			path = fractionCalcTests;
			sourceTree = "<group>";
		};
		99709C2D1686E7BC00A793BC /* Supporting Files */ = {
			isa = PBXGroup;
			children = (
				99709C2E1686E7BC00A793BC /* Wicked CalcTests-Info.plist */,
				99709C2F1686E7BC00A793BC /* InfoPlist.strings */,
			);
			name = "Supporting Files";
			sourceTree = "<group>";
		};
		99879AC716ABA15A00B959D2 /* 3. Tech */ = {
			isa = PBXGroup;
			children = (
				99879AD516ABA17E00B959D2 /* Background */,
				99879AD416ABA16D00B959D2 /* Keys */,
			);
			name = "3. Tech";
			path = "Pictures/Calc (car tech theme)";
			sourceTree = SOURCE_ROOT;
		};
		99879AD416ABA16D00B959D2 /* Keys */ = {
			isa = PBXGroup;
			children = (
				99879ACB16ABA15A00B959D2 /* Car Tech [1h].png */,
				99879ACC16ABA15A00B959D2 /* Car Tech [2h].png */,
				99879AC816ABA15A00B959D2 /* Car Tech (1v).png */,
				99879AC916ABA15A00B959D2 /* Car Tech (2v).png */,
			);
			name = Keys;
			sourceTree = "<group>";
		};
		99879AD516ABA17E00B959D2 /* Background */ = {
			isa = PBXGroup;
			children = (
				99B632A216CC099D00AE7208 /* Car Tech (Av).jpg */,
				99B632A316CC099D00AE7208 /* Car Tech [Ah].jpg */,
			);
			name = Background;
			sourceTree = "<group>";
		};
		99B632A616CC0A1A00AE7208 /* 6. Int Flower */ = {
			isa = PBXGroup;
			children = (
				99B632B816CC0A5100AE7208 /* Keys */,
				99B632B716CC0A4400AE7208 /* Background */,
			);
			name = "6. Int Flower";
			sourceTree = "<group>";
		};
		99B632B716CC0A4400AE7208 /* Background */ = {
			isa = PBXGroup;
			children = (
				99B632A916CC0A2E00AE7208 /* Int Flower WP (Av).jpg */,
				99B632AD16CC0A2E00AE7208 /* Int Flower WP [Ah].jpg */,
			);
			name = Background;
			sourceTree = "<group>";
		};
		99B632B816CC0A5100AE7208 /* Keys */ = {
			isa = PBXGroup;
			children = (
				99B632AB16CC0A2E00AE7208 /* Int Flower WP [1h].png */,
				99B632AC16CC0A2E00AE7208 /* Int Flower WP [2h].png */,
				99B632A716CC0A2E00AE7208 /* Int Flower WP (1v).png */,
				99B632A816CC0A2E00AE7208 /* Int Flower WP (2v).png */,
			);
			name = Keys;
			sourceTree = "<group>";
		};
		99B632B916CC0A7E00AE7208 /* 5. Helion */ = {
			isa = PBXGroup;
			children = (
				99B632CB16CC0A9600AE7208 /* Keys */,
				99B632CA16CC0A9000AE7208 /* Background */,
			);
			name = "5. Helion";
			sourceTree = "<group>";
		};
		99B632CA16CC0A9000AE7208 /* Background */ = {
			isa = PBXGroup;
			children = (
				99B632BC16CC0A8D00AE7208 /* Helion (Av).jpg */,
				99B632C016CC0A8D00AE7208 /* Helion [Ah].jpg */,
			);
			name = Background;
			sourceTree = "<group>";
		};
		99B632CB16CC0A9600AE7208 /* Keys */ = {
			isa = PBXGroup;
			children = (
				99B632BA16CC0A8D00AE7208 /* Helion (1v).png */,
				99B632BB16CC0A8D00AE7208 /* Helion (2v).png */,
				99B632BE16CC0A8D00AE7208 /* Helion [1h].png */,
				99B632BF16CC0A8D00AE7208 /* Helion [2h].png */,
			);
			name = Keys;
			sourceTree = "<group>";
		};
		99B632CC16CC0AB800AE7208 /* 7. Sky */ = {
			isa = PBXGroup;
			children = (
				99B632CF16CC0ACD00AE7208 /* Keys */,
				99B632CD16CC0AC100AE7208 /* Background */,
			);
			name = "7. Sky";
			sourceTree = "<group>";
		};
		99B632CD16CC0AC100AE7208 /* Background */ = {
			isa = PBXGroup;
			children = (
				99B632D816CC0AF700AE7208 /* Farm (Av).jpg */,
				99B632D916CC0AF700AE7208 /* Farm [Ah].jpg */,
			);
			name = Background;
			sourceTree = "<group>";
		};
		99B632CF16CC0ACD00AE7208 /* Keys */ = {
			isa = PBXGroup;
			children = (
				99FA74E416DA624200E4CA10 /* New Sky (1v).png */,
				99FA74E516DA624200E4CA10 /* New Sky (2v).png */,
				99FA74E616DA624200E4CA10 /* New Sky [1h].png */,
				99FA74E716DA624200E4CA10 /* New Sky [2h].png */,
			);
			name = Keys;
			sourceTree = "<group>";
		};
		99B632DC16CC0B0800AE7208 /* 8. Aqua Burst */ = {
			isa = PBXGroup;
			children = (
				99B632DE16CC0B1200AE7208 /* Background */,
				99B632DD16CC0B0E00AE7208 /* Keys */,
			);
			name = "8. Aqua Burst";
			sourceTree = "<group>";
		};
		99B632DD16CC0B0E00AE7208 /* Keys */ = {
			isa = PBXGroup;
			children = (
				99B632DF16CC0B2300AE7208 /* Aqua Burst (1v).png */,
				99B632E016CC0B2300AE7208 /* Aqua Burst (2v).png */,
				99B632E216CC0B2300AE7208 /* Aqua Burst [1h].png */,
				99B632E316CC0B2300AE7208 /* Aqua Burst [2h].png */,
			);
			name = Keys;
			sourceTree = "<group>";
		};
		99B632DE16CC0B1200AE7208 /* Background */ = {
			isa = PBXGroup;
			children = (
				99B632E116CC0B2300AE7208 /* Aqua Burst (Av).jpg */,
				99B632E416CC0B2300AE7208 /* Aqua Burst [Ah].jpg */,
			);
			name = Background;
			sourceTree = "<group>";
		};
		99B632EB16CC0B5700AE7208 /* 9. Pyramid */ = {
			isa = PBXGroup;
			children = (
				99B632ED16CC0B6E00AE7208 /* Background */,
				99B632EC16CC0B6800AE7208 /* Keys */,
			);
			name = "9. Pyramid";
			sourceTree = "<group>";
		};
		99B632EC16CC0B6800AE7208 /* Keys */ = {
			isa = PBXGroup;
			children = (
				99FA74DC16DA60C900E4CA10 /* Pyramids (1v).png */,
				99FA74DD16DA60C900E4CA10 /* Pyramids (2v).png */,
				99FA74DE16DA60C900E4CA10 /* Pyramids [1h].png */,
				99FA74DF16DA60C900E4CA10 /* Pyramids [2h].png */,
			);
			name = Keys;
			sourceTree = "<group>";
		};
		99B632ED16CC0B6E00AE7208 /* Background */ = {
			isa = PBXGroup;
			children = (
				99B632F016CC0B7F00AE7208 /* Metallic Pyramids (Av).jpg */,
				99B632F316CC0B7F00AE7208 /* Metallic pyramids [Ah].jpg */,
			);
			name = Background;
			sourceTree = "<group>";
		};
		99BAF074169577CF00D9F3B7 /* Design */ = {
			isa = PBXGroup;
			children = (
				99709C171686E7BB00A793BC /* MainStoryboard_iPhone.storyboard */,
				99709C1A1686E7BB00A793BC /* MainStoryboard_iPad.storyboard */,
				9950988B169965EC0020BDC4 /* BackgroundChooser.h */,
				9950988C169965EC0020BDC4 /* BackgroundChooser.m */,
				995511BB1696FFDE008C70D0 /* 0. Metal */,
				99DA8435169DEBF900524D00 /* 1. Flower */,
				9950988E16998A120020BDC4 /* 2. Wood */,
				99879AC716ABA15A00B959D2 /* 3. Tech */,
				991DFF8A16A31F9600923715 /* 4. Space */,
				99B632B916CC0A7E00AE7208 /* 5. Helion */,
				99B632A616CC0A1A00AE7208 /* 6. Int Flower */,
				99B632CC16CC0AB800AE7208 /* 7. Sky */,
				99B632DC16CC0B0800AE7208 /* 8. Aqua Burst */,
				99B632EB16CC0B5700AE7208 /* 9. Pyramid */,
				99CC718C16D0022A00819189 /* 10. Blue */,
				99CC719A16D0025200819189 /* 11. Button */,
				99CC71A716D0034D00819189 /* 12. Grate */,
				99CC71B416D0036E00819189 /* 13. Frosty Leaves */,
				99CC71C116D0038E00819189 /* 14. Green */,
				9952AB7F16B03E030075D233 /* Display */,
				99246ABB169599BE0036FFF0 /* Icon */,
			);
			name = Design;
			sourceTree = "<group>";
		};
		99CC718C16D0022A00819189 /* 10. Blue */ = {
			isa = PBXGroup;
			children = (
				99CC71CF16D003E200819189 /* Keys */,
				99CC71CE16D003D700819189 /* Background */,
			);
			name = "10. Blue";
			path = "Pictures/Calc (Blue Theme)";
			sourceTree = SOURCE_ROOT;
		};
		99CC719A16D0025200819189 /* 11. Button */ = {
			isa = PBXGroup;
			children = (
				99CC71D116D003F300819189 /* Background */,
				99CC71D016D003ED00819189 /* Keys */,
			);
			name = "11. Button";
			path = "Pictures/Calc (Button Theme)";
			sourceTree = SOURCE_ROOT;
		};
		99CC71A716D0034D00819189 /* 12. Grate */ = {
			isa = PBXGroup;
			children = (
				99CC71D316D0041500819189 /* Keys */,
				99CC71D216D0040F00819189 /* Background */,
			);
			name = "12. Grate";
			path = "Pictures/Calc (grate theme)";
			sourceTree = SOURCE_ROOT;
		};
		99CC71B416D0036E00819189 /* 13. Frosty Leaves */ = {
			isa = PBXGroup;
			children = (
				99CC71D516D0043900819189 /* Keys */,
				99CC71D416D0042900819189 /* Background */,
			);
			name = "13. Frosty Leaves";
			path = "Pictures/Calc (Frosty Leaves)";
			sourceTree = SOURCE_ROOT;
		};
		99CC71C116D0038E00819189 /* 14. Green */ = {
			isa = PBXGroup;
			children = (
				99CC71D716D0045600819189 /* Keys */,
				99CC71D616D0045000819189 /* Background */,
			);
			name = "14. Green";
			path = "Pictures/Calc (Green Theme)";
			sourceTree = SOURCE_ROOT;
		};
		99CC71CE16D003D700819189 /* Background */ = {
			isa = PBXGroup;
			children = (
				99CC719116D0022A00819189 /* Blue [Ah].jpg */,
				99CC719216D0022A00819189 /* Blue (Av).jpg */,
			);
			name = Background;
			sourceTree = "<group>";
		};
		99CC71CF16D003E200819189 /* Keys */ = {
			isa = PBXGroup;
			children = (
				99FA74CC16DA5F6D00E4CA10 /* Blue (1v).png */,
				99FA74CD16DA5F6D00E4CA10 /* Blue (2h).png */,
				99FA74CE16DA5F6D00E4CA10 /* Blue (2v).png */,
				99FA74CF16DA5F6D00E4CA10 /* Blue [1h].png */,
			);
			name = Keys;
			sourceTree = "<group>";
		};
		99CC71D016D003ED00819189 /* Keys */ = {
			isa = PBXGroup;
			children = (
				99CC719B16D0025200819189 /* Button [1h].png */,
				99CC719C16D0025200819189 /* Button (1v).png */,
				99CC719D16D0025200819189 /* Button [2h].png */,
				99CC719E16D0025200819189 /* Button (2v).png */,
			);
			name = Keys;
			sourceTree = "<group>";
		};
		99CC71D116D003F300819189 /* Background */ = {
			isa = PBXGroup;
			children = (
				99CC719F16D0025200819189 /* Button [Ah].jpg */,
				99CC71A016D0025200819189 /* Button (Av).jpg */,
			);
			name = Background;
			sourceTree = "<group>";
		};
		99CC71D216D0040F00819189 /* Background */ = {
			isa = PBXGroup;
			children = (
				99CC71AA16D0034D00819189 /* Grate (Av).png */,
				99CC71AD16D0034D00819189 /* Grate [Ah].jpg */,
			);
			name = Background;
			sourceTree = "<group>";
		};
		99CC71D316D0041500819189 /* Keys */ = {
			isa = PBXGroup;
			children = (
				99CC71AB16D0034D00819189 /* Grate [1h].png */,
				99CC71AC16D0034D00819189 /* Grate [2h].png */,
				99CC71A816D0034D00819189 /* Grate (1v).png */,
				99CC71A916D0034D00819189 /* Grate (2v).png */,
			);
			name = Keys;
			sourceTree = "<group>";
		};
		99CC71D416D0042900819189 /* Background */ = {
			isa = PBXGroup;
			children = (
				99CC71B716D0036E00819189 /* Frosty Leaves (Av).jpg */,
				99CC71BA16D0036E00819189 /* Frosty Leaves [Ah].jpg */,
			);
			name = Background;
			sourceTree = "<group>";
		};
		99CC71D516D0043900819189 /* Keys */ = {
			isa = PBXGroup;
			children = (
				99CC71B816D0036E00819189 /* Frosty Leaves [1h].png */,
				99CC71B916D0036E00819189 /* Frosty Leaves [2h].png */,
				99CC71B516D0036E00819189 /* Frosty Leaves (1v).png */,
				99CC71B616D0036E00819189 /* Frosty Leaves (2v).png */,
			);
			name = Keys;
			sourceTree = "<group>";
		};
		99CC71D616D0045000819189 /* Background */ = {
			isa = PBXGroup;
			children = (
				99CC71C616D0038E00819189 /* Green Theme [Ah].jpg */,
				99CC71C716D0038E00819189 /* Green Theme (Av).jpg */,
			);
			name = Background;
			sourceTree = "<group>";
		};
		99CC71D716D0045600819189 /* Keys */ = {
			isa = PBXGroup;
			children = (
				99CC71C216D0038E00819189 /* Green [1h].png */,
				99CC71C316D0038E00819189 /* Green (1v).png */,
				99CC71C416D0038E00819189 /* Green [2h].png */,
				99CC71C516D0038E00819189 /* Green (2v).png */,
			);
			name = Keys;
			sourceTree = "<group>";
		};
		99DA8435169DEBF900524D00 /* 1. Flower */ = {
			isa = PBXGroup;
			children = (
				99DA8445169DEC3A00524D00 /* Background */,
				99DA8443169DEC2800524D00 /* Keys */,
			);
			name = "1. Flower";
			sourceTree = "<group>";
		};
		99DA8443169DEC2800524D00 /* Keys */ = {
			isa = PBXGroup;
			children = (
				99DA843A169DEC2400524D00 /* Flower [1h].png */,
				99DA843B169DEC2400524D00 /* Flower [2h].png */,
				99DA8437169DEC2400524D00 /* Flower (1v).png */,
				99DA8438169DEC2400524D00 /* Flower (2v).png */,
			);
			name = Keys;
			sourceTree = "<group>";
		};
		99DA8445169DEC3A00524D00 /* Background */ = {
			isa = PBXGroup;
			children = (
				99B6329A16CC096C00AE7208 /* Flower (Av).jpg */,
				99B6329B16CC096C00AE7208 /* Flower [Ah].jpg */,
			);
			name = Background;
			sourceTree = "<group>";
		};
/* End PBXGroup section */

/* Begin PBXNativeTarget section */
		99709BFA1686E7BB00A793BC /* Wicked Calc */ = {
			isa = PBXNativeTarget;
			buildConfigurationList = 99709C371686E7BC00A793BC /* Build configuration list for PBXNativeTarget "Wicked Calc" */;
			buildPhases = (
				99709BF71686E7BB00A793BC /* Sources */,
				99709BF81686E7BB00A793BC /* Frameworks */,
				99709BF91686E7BB00A793BC /* Resources */,
			);
			buildRules = (
			);
			dependencies = (
			);
			name = "Wicked Calc";
			productName = fractionCalc;
			productReference = 99709BFB1686E7BB00A793BC /* Wicked Calc.app */;
			productType = "com.apple.product-type.application";
		};
		99709C241686E7BC00A793BC /* Wicked CalcTests */ = {
			isa = PBXNativeTarget;
			buildConfigurationList = 99709C3A1686E7BC00A793BC /* Build configuration list for PBXNativeTarget "Wicked CalcTests" */;
			buildPhases = (
				99709C201686E7BC00A793BC /* Sources */,
				99709C211686E7BC00A793BC /* Frameworks */,
				99709C221686E7BC00A793BC /* Resources */,
				99709C231686E7BC00A793BC /* ShellScript */,
			);
			buildRules = (
			);
			dependencies = (
				99709C2B1686E7BC00A793BC /* PBXTargetDependency */,
			);
			name = "Wicked CalcTests";
			productName = fractionCalcTests;
			productReference = 99709C251686E7BC00A793BC /* Wicked CalcTests.octest */;
			productType = "com.apple.product-type.bundle";
		};
/* End PBXNativeTarget section */

/* Begin PBXProject section */
		99709BF21686E7BB00A793BC /* Project object */ = {
			isa = PBXProject;
			attributes = {
				LastUpgradeCheck = 0450;
				ORGANIZATIONNAME = "Evan Hsu";
			};
			buildConfigurationList = 99709BF51686E7BB00A793BC /* Build configuration list for PBXProject "Wicked Calc" */;
			compatibilityVersion = "Xcode 3.2";
			developmentRegion = English;
			hasScannedForEncodings = 0;
			knownRegions = (
				en,
			);
			mainGroup = 99709BF01686E7BB00A793BC;
			productRefGroup = 99709BFC1686E7BB00A793BC /* Products */;
			projectDirPath = "";
			projectRoot = "";
			targets = (
				99709BFA1686E7BB00A793BC /* Wicked Calc */,
				99709C241686E7BC00A793BC /* Wicked CalcTests */,
			);
		};
/* End PBXProject section */

/* Begin PBXResourcesBuildPhase section */
		99709BF91686E7BB00A793BC /* Resources */ = {
			isa = PBXResourcesBuildPhase;
			buildActionMask = 2147483647;
			files = (
				99709C0A1686E7BB00A793BC /* InfoPlist.strings in Resources */,
				99709C121686E7BB00A793BC /* Default.png in Resources */,
				99709C141686E7BB00A793BC /* Default@2x.png in Resources */,
				99709C161686E7BB00A793BC /* Default-568h@2x.png in Resources */,
				99709C191686E7BB00A793BC /* MainStoryboard_iPhone.storyboard in Resources */,
				99709C1C1686E7BB00A793BC /* MainStoryboard_iPad.storyboard in Resources */,
				99BAF07A16957CE500D9F3B7 /* Icon-72.png in Resources */,
				99BAF07D16957CEC00D9F3B7 /* icon(144).png in Resources */,
				9950989516998A130020BDC4 /* Wood (1v).png in Resources */,
				9950989616998A130020BDC4 /* Wood (2v).png in Resources */,
				9950989816998A130020BDC4 /* Wood [1h].png in Resources */,
				9950989916998A130020BDC4 /* Wood [2h].png in Resources */,
				99DA843D169DEC2400524D00 /* Flower (1v).png in Resources */,
				99DA843E169DEC2400524D00 /* Flower (2v).png in Resources */,
				99DA8440169DEC2400524D00 /* Flower [1h].png in Resources */,
				99DA8441169DEC2400524D00 /* Flower [2h].png in Resources */,
				991DFF9116A31FD800923715 /* Space (1v).png in Resources */,
				991DFF9216A31FD800923715 /* Space (2v).png in Resources */,
				991DFF9316A31FD800923715 /* Space [1h].png in Resources */,
				991DFF9416A31FD800923715 /* Space [2h].png in Resources */,
				99879ACE16ABA15A00B959D2 /* Car Tech (1v).png in Resources */,
				99879ACF16ABA15A00B959D2 /* Car Tech (2v).png in Resources */,
				99879AD116ABA15A00B959D2 /* Car Tech [1h].png in Resources */,
				99879AD216ABA15A00B959D2 /* Car Tech [2h].png in Resources */,
				99377C9816AE60A000FBE46B /* icon(57).png in Resources */,
				99377C9A16AE60B100FBE46B /* icon(114).png in Resources */,
				996339C516B49BE800EBCD4A /* Light Clean Corners (Dv).png in Resources */,
				996339C616B49BE800EBCD4A /* Light Clean Corners [Dh].png in Resources */,
				99B6328D16CC08FE00AE7208 /* Metal [Ah].jpg in Resources */,
				99B6329316CC091700AE7208 /* metal (2v).png in Resources */,
				99B6329416CC091700AE7208 /* Metal [1h].png in Resources */,
				99B6329516CC091700AE7208 /* Metal [2h].png in Resources */,
				99B6329816CC092700AE7208 /* Wood (Av).jpg in Resources */,
				99B6329916CC092700AE7208 /* Wood [Ah].jpg in Resources */,
				99B6329C16CC096C00AE7208 /* Flower (Av).jpg in Resources */,
				99B6329D16CC096C00AE7208 /* Flower [Ah].jpg in Resources */,
				99B632A016CC098F00AE7208 /* Space (Av).jpg in Resources */,
				99B632A116CC098F00AE7208 /* Space [Ah].jpg in Resources */,
				99B632A416CC099D00AE7208 /* Car Tech (Av).jpg in Resources */,
				99B632A516CC099D00AE7208 /* Car Tech [Ah].jpg in Resources */,
				99B632AF16CC0A2E00AE7208 /* Int Flower WP (1v).png in Resources */,
				99B632B016CC0A2E00AE7208 /* Int Flower WP (2v).png in Resources */,
				99B632B116CC0A2E00AE7208 /* Int Flower WP (Av).jpg in Resources */,
				99B632B316CC0A2E00AE7208 /* Int Flower WP [1h].png in Resources */,
				99B632B416CC0A2E00AE7208 /* Int Flower WP [2h].png in Resources */,
				99B632B516CC0A2E00AE7208 /* Int Flower WP [Ah].jpg in Resources */,
				99B632C216CC0A8D00AE7208 /* Helion (1v).png in Resources */,
				99B632C316CC0A8D00AE7208 /* Helion (2v).png in Resources */,
				99B632C416CC0A8D00AE7208 /* Helion (Av).jpg in Resources */,
				99B632C616CC0A8D00AE7208 /* Helion [1h].png in Resources */,
				99B632C716CC0A8D00AE7208 /* Helion [2h].png in Resources */,
				99B632C816CC0A8D00AE7208 /* Helion [Ah].jpg in Resources */,
				99B632DA16CC0AF700AE7208 /* Farm (Av).jpg in Resources */,
				99B632DB16CC0AF700AE7208 /* Farm [Ah].jpg in Resources */,
				99B632E516CC0B2300AE7208 /* Aqua Burst (1v).png in Resources */,
				99B632E616CC0B2300AE7208 /* Aqua Burst (2v).png in Resources */,
				99B632E716CC0B2300AE7208 /* Aqua Burst (Av).jpg in Resources */,
				99B632E816CC0B2300AE7208 /* Aqua Burst [1h].png in Resources */,
				99B632E916CC0B2300AE7208 /* Aqua Burst [2h].png in Resources */,
				99B632EA16CC0B2300AE7208 /* Aqua Burst [Ah].jpg in Resources */,
				99B632F616CC0B7F00AE7208 /* Metallic Pyramids (Av).jpg in Resources */,
				99B632F916CC0B7F00AE7208 /* Metallic pyramids [Ah].jpg in Resources */,
				99B632FC16CC317800AE7208 /* iTunesArtwork in Resources */,
				99B632FD16CC317800AE7208 /* iTunesArtwork@2x in Resources */,
				99CC719716D0022A00819189 /* Blue [Ah].jpg in Resources */,
				99CC719816D0022A00819189 /* Blue (Av).jpg in Resources */,
				99CC71A116D0025200819189 /* Button [1h].png in Resources */,
				99CC71A216D0025200819189 /* Button (1v).png in Resources */,
				99CC71A316D0025200819189 /* Button [2h].png in Resources */,
				99CC71A416D0025200819189 /* Button (2v).png in Resources */,
				99CC71A516D0025200819189 /* Button [Ah].jpg in Resources */,
				99CC71A616D0025200819189 /* Button (Av).jpg in Resources */,
				99CC71AE16D0034D00819189 /* Grate (1v).png in Resources */,
				99CC71AF16D0034D00819189 /* Grate (2v).png in Resources */,
				99CC71B016D0034D00819189 /* Grate (Av).png in Resources */,
				99CC71B116D0034D00819189 /* Grate [1h].png in Resources */,
				99CC71B216D0034D00819189 /* Grate [2h].png in Resources */,
				99CC71B316D0034D00819189 /* Grate [Ah].jpg in Resources */,
				99CC71BB16D0036E00819189 /* Frosty Leaves (1v).png in Resources */,
				99CC71BC16D0036E00819189 /* Frosty Leaves (2v).png in Resources */,
				99CC71BD16D0036E00819189 /* Frosty Leaves (Av).jpg in Resources */,
				99CC71BE16D0036E00819189 /* Frosty Leaves [1h].png in Resources */,
				99CC71BF16D0036E00819189 /* Frosty Leaves [2h].png in Resources */,
				99CC71C016D0036E00819189 /* Frosty Leaves [Ah].jpg in Resources */,
				99CC71C816D0038E00819189 /* Green [1h].png in Resources */,
				99CC71C916D0038E00819189 /* Green (1v).png in Resources */,
				99CC71CA16D0038E00819189 /* Green [2h].png in Resources */,
				99CC71CB16D0038E00819189 /* Green (2v).png in Resources */,
				99CC71CC16D0038E00819189 /* Green Theme [Ah].jpg in Resources */,
				99CC71CD16D0038E00819189 /* Green Theme (Av).jpg in Resources */,
				99FA74D016DA5F6D00E4CA10 /* Blue (1v).png in Resources */,
				99FA74D116DA5F6D00E4CA10 /* Blue (2h).png in Resources */,
				99FA74D216DA5F6D00E4CA10 /* Blue (2v).png in Resources */,
				99FA74D316DA5F6D00E4CA10 /* Blue [1h].png in Resources */,
				99FA74E016DA60C900E4CA10 /* Pyramids (1v).png in Resources */,
				99FA74E116DA60C900E4CA10 /* Pyramids (2v).png in Resources */,
				99FA74E216DA60C900E4CA10 /* Pyramids [1h].png in Resources */,
				99FA74E316DA60C900E4CA10 /* Pyramids [2h].png in Resources */,
				99FA74E816DA624200E4CA10 /* New Sky (1v).png in Resources */,
				99FA74E916DA624200E4CA10 /* New Sky (2v).png in Resources */,
				99FA74EA16DA624200E4CA10 /* New Sky [1h].png in Resources */,
				99FA74EB16DA624200E4CA10 /* New Sky [2h].png in Resources */,
				99688BA916DFC05C003A1868 /* Metal (Av) brighter.png in Resources */,
				9902E14916DFC48400F0669D /* Metal (1v).png in Resources */,
			);
			runOnlyForDeploymentPostprocessing = 0;
		};
		99709C221686E7BC00A793BC /* Resources */ = {
			isa = PBXResourcesBuildPhase;
			buildActionMask = 2147483647;
			files = (
				99709C311686E7BC00A793BC /* InfoPlist.strings in Resources */,
			);
			runOnlyForDeploymentPostprocessing = 0;
		};
/* End PBXResourcesBuildPhase section */

/* Begin PBXShellScriptBuildPhase section */
		99709C231686E7BC00A793BC /* ShellScript */ = {
			isa = PBXShellScriptBuildPhase;
			buildActionMask = 2147483647;
			files = (
			);
			inputPaths = (
			);
			outputPaths = (
			);
			runOnlyForDeploymentPostprocessing = 0;
			shellPath = /bin/sh;
			shellScript = "# Run the unit tests in this test bundle.\n\"${SYSTEM_DEVELOPER_DIR}/Tools/RunUnitTests\"\n";
		};
/* End PBXShellScriptBuildPhase section */

/* Begin PBXSourcesBuildPhase section */
		99709BF71686E7BB00A793BC /* Sources */ = {
			isa = PBXSourcesBuildPhase;
			buildActionMask = 2147483647;
			files = (
				99709C0C1686E7BB00A793BC /* main.m in Sources */,
				99709C101686E7BB00A793BC /* AppDelegate.m in Sources */,
				99709C1F1686E7BB00A793BC /* ViewController.m in Sources */,
				99BAF0721695779700D9F3B7 /* addFunc.m in Sources */,
				9950988D169965ED0020BDC4 /* BackgroundChooser.m in Sources */,
				99A0285016C8C48800AF194C /* queue.m in Sources */,
				9902E15616DFFD2500F0669D /* SettingsViewController.m in Sources */,
				99586FDF16E3B5830053C165 /* Calculator.m in Sources */,
			);
			runOnlyForDeploymentPostprocessing = 0;
		};
		99709C201686E7BC00A793BC /* Sources */ = {
			isa = PBXSourcesBuildPhase;
			buildActionMask = 2147483647;
			files = (
				99709C341686E7BC00A793BC /* fractionCalcTests.m in Sources */,
			);
			runOnlyForDeploymentPostprocessing = 0;
		};
/* End PBXSourcesBuildPhase section */

/* Begin PBXTargetDependency section */
		99709C2B1686E7BC00A793BC /* PBXTargetDependency */ = {
			isa = PBXTargetDependency;
			target = 99709BFA1686E7BB00A793BC /* Wicked Calc */;
			targetProxy = 99709C2A1686E7BC00A793BC /* PBXContainerItemProxy */;
		};
/* End PBXTargetDependency section */

/* Begin PBXVariantGroup section */
		99709C081686E7BB00A793BC /* InfoPlist.strings */ = {
			isa = PBXVariantGroup;
			children = (
				99709C091686E7BB00A793BC /* en */,
			);
			name = InfoPlist.strings;
			sourceTree = "<group>";
		};
		99709C171686E7BB00A793BC /* MainStoryboard_iPhone.storyboard */ = {
			isa = PBXVariantGroup;
			children = (
				99709C181686E7BB00A793BC /* en */,
			);
			name = MainStoryboard_iPhone.storyboard;
			sourceTree = "<group>";
		};
		99709C1A1686E7BB00A793BC /* MainStoryboard_iPad.storyboard */ = {
			isa = PBXVariantGroup;
			children = (
				99709C1B1686E7BB00A793BC /* en */,
			);
			name = MainStoryboard_iPad.storyboard;
			sourceTree = "<group>";
		};
		99709C2F1686E7BC00A793BC /* InfoPlist.strings */ = {
			isa = PBXVariantGroup;
			children = (
				99709C301686E7BC00A793BC /* en */,
			);
			name = InfoPlist.strings;
			sourceTree = "<group>";
		};
/* End PBXVariantGroup section */

/* Begin XCBuildConfiguration section */
		99709C351686E7BC00A793BC /* Debug */ = {
			isa = XCBuildConfiguration;
			buildSettings = {
				ALWAYS_SEARCH_USER_PATHS = NO;
				CLANG_CXX_LANGUAGE_STANDARD = "gnu++0x";
				CLANG_CXX_LIBRARY = "libc++";
				CLANG_ENABLE_OBJC_ARC = YES;
				CLANG_WARN_EMPTY_BODY = YES;
				CLANG_WARN__DUPLICATE_METHOD_MATCH = YES;
				"CODE_SIGN_IDENTITY[sdk=iphoneos*]" = "iPhone Developer";
				COPY_PHASE_STRIP = NO;
				GCC_C_LANGUAGE_STANDARD = gnu99;
				GCC_DYNAMIC_NO_PIC = NO;
				GCC_OPTIMIZATION_LEVEL = 0;
				GCC_PREPROCESSOR_DEFINITIONS = (
					"DEBUG=1",
					"$(inherited)",
				);
				GCC_SYMBOLS_PRIVATE_EXTERN = NO;
				GCC_WARN_ABOUT_RETURN_TYPE = YES;
				GCC_WARN_UNINITIALIZED_AUTOS = YES;
				GCC_WARN_UNUSED_VARIABLE = YES;
				IPHONEOS_DEPLOYMENT_TARGET = 6.0;
				ONLY_ACTIVE_ARCH = YES;
				SDKROOT = iphoneos;
				TARGETED_DEVICE_FAMILY = "1,2";
			};
			name = Debug;
		};
		99709C361686E7BC00A793BC /* Release */ = {
			isa = XCBuildConfiguration;
			buildSettings = {
				ALWAYS_SEARCH_USER_PATHS = NO;
				CLANG_CXX_LANGUAGE_STANDARD = "gnu++0x";
				CLANG_CXX_LIBRARY = "libc++";
				CLANG_ENABLE_OBJC_ARC = YES;
				CLANG_WARN_EMPTY_BODY = YES;
				CLANG_WARN__DUPLICATE_METHOD_MATCH = YES;
				"CODE_SIGN_IDENTITY[sdk=iphoneos*]" = "iPhone Developer";
				COPY_PHASE_STRIP = YES;
				GCC_C_LANGUAGE_STANDARD = gnu99;
				GCC_WARN_ABOUT_RETURN_TYPE = YES;
				GCC_WARN_UNINITIALIZED_AUTOS = YES;
				GCC_WARN_UNUSED_VARIABLE = YES;
				IPHONEOS_DEPLOYMENT_TARGET = 6.0;
				OTHER_CFLAGS = "-DNS_BLOCK_ASSERTIONS=1";
				SDKROOT = iphoneos;
				TARGETED_DEVICE_FAMILY = "1,2";
				VALIDATE_PRODUCT = YES;
			};
			name = Release;
		};
		99709C381686E7BC00A793BC /* Debug */ = {
			isa = XCBuildConfiguration;
			buildSettings = {
				GCC_PRECOMPILE_PREFIX_HEADER = YES;
				GCC_PREFIX_HEADER = "fractionCalc/Wicked Calc-Prefix.pch";
				INFOPLIST_FILE = "fractionCalc/Wicked Calc-Info.plist";
				IPHONEOS_DEPLOYMENT_TARGET = 6.0;
				PRODUCT_NAME = "Wicked Calc";
				TARGETED_DEVICE_FAMILY = "1,2";
				WRAPPER_EXTENSION = app;
			};
			name = Debug;
		};
		99709C391686E7BC00A793BC /* Release */ = {
			isa = XCBuildConfiguration;
			buildSettings = {
				GCC_PRECOMPILE_PREFIX_HEADER = YES;
				GCC_PREFIX_HEADER = "fractionCalc/Wicked Calc-Prefix.pch";
				INFOPLIST_FILE = "fractionCalc/Wicked Calc-Info.plist";
				IPHONEOS_DEPLOYMENT_TARGET = 6.0;
				PRODUCT_NAME = "Wicked Calc";
				TARGETED_DEVICE_FAMILY = "1,2";
				WRAPPER_EXTENSION = app;
			};
			name = Release;
		};
		99709C3B1686E7BC00A793BC /* Debug */ = {
			isa = XCBuildConfiguration;
			buildSettings = {
				BUNDLE_LOADER = "$(BUILT_PRODUCTS_DIR)/fractionCalc.app/fractionCalc";
				FRAMEWORK_SEARCH_PATHS = (
					"\"$(SDKROOT)/Developer/Library/Frameworks\"",
					"\"$(DEVELOPER_LIBRARY_DIR)/Frameworks\"",
				);
				GCC_PRECOMPILE_PREFIX_HEADER = YES;
				GCC_PREFIX_HEADER = "fractionCalc/fractionCalc-Prefix.pch";
				INFOPLIST_FILE = "fractionCalcTests/Wicked CalcTests-Info.plist";
				PRODUCT_NAME = "Wicked CalcTests";
				TEST_HOST = "$(BUNDLE_LOADER)";
				WRAPPER_EXTENSION = octest;
			};
			name = Debug;
		};
		99709C3C1686E7BC00A793BC /* Release */ = {
			isa = XCBuildConfiguration;
			buildSettings = {
				BUNDLE_LOADER = "$(BUILT_PRODUCTS_DIR)/fractionCalc.app/fractionCalc";
				FRAMEWORK_SEARCH_PATHS = (
					"\"$(SDKROOT)/Developer/Library/Frameworks\"",
					"\"$(DEVELOPER_LIBRARY_DIR)/Frameworks\"",
				);
				GCC_PRECOMPILE_PREFIX_HEADER = YES;
				GCC_PREFIX_HEADER = "fractionCalc/fractionCalc-Prefix.pch";
				INFOPLIST_FILE = "fractionCalcTests/Wicked CalcTests-Info.plist";
				PRODUCT_NAME = "Wicked CalcTests";
				TEST_HOST = "$(BUNDLE_LOADER)";
				WRAPPER_EXTENSION = octest;
			};
			name = Release;
		};
/* End XCBuildConfiguration section */

/* Begin XCConfigurationList section */
		99709BF51686E7BB00A793BC /* Build configuration list for PBXProject "Wicked Calc" */ = {
			isa = XCConfigurationList;
			buildConfigurations = (
				99709C351686E7BC00A793BC /* Debug */,
				99709C361686E7BC00A793BC /* Release */,
			);
			defaultConfigurationIsVisible = 0;
			defaultConfigurationName = Release;
		};
		99709C371686E7BC00A793BC /* Build configuration list for PBXNativeTarget "Wicked Calc" */ = {
			isa = XCConfigurationList;
			buildConfigurations = (
				99709C381686E7BC00A793BC /* Debug */,
				99709C391686E7BC00A793BC /* Release */,
			);
			defaultConfigurationIsVisible = 0;
			defaultConfigurationName = Release;
		};
		99709C3A1686E7BC00A793BC /* Build configuration list for PBXNativeTarget "Wicked CalcTests" */ = {
			isa = XCConfigurationList;
			buildConfigurations = (
				99709C3B1686E7BC00A793BC /* Debug */,
				99709C3C1686E7BC00A793BC /* Release */,
			);
			defaultConfigurationIsVisible = 0;
			defaultConfigurationName = Release;
		};
/* End XCConfigurationList section */
	};
	rootObject = 99709BF21686E7BB00A793BC /* Project object */;
}
